// !$*UTF8*$!
{
	archiveVersion = 1;
	classes = {
	};
	objectVersion = 42;
	objects = {

/* Begin PBXAggregateTarget section */
		8ACAAC9906528C3A00E2D337 /* All */ = {
			isa = PBXAggregateTarget;
			buildConfigurationList = 8ACD0BB40885C20A00D0637F /* Build configuration list for PBXAggregateTarget "All" */;
			buildPhases = (
			);
			dependencies = (
				8ACAAC9B06528C7E00E2D337 /* PBXTargetDependency */,
			);
			name = All;
			productName = All;
		};
/* End PBXAggregateTarget section */

/* Begin PBXBuildFile section */
		1A2CD09C1D411E3C00F10449 /* oalRingBuffer.cpp in Sources */ = {isa = PBXBuildFile; fileRef = 1A2CD09A1D411E2800F10449 /* oalRingBuffer.cpp */; };
		1A2CD09D1D411E3C00F10449 /* oalRingBuffer.h in Headers */ = {isa = PBXBuildFile; fileRef = 1A2CD09B1D411E2800F10449 /* oalRingBuffer.h */; };
		1A2CD09E1D411E3D00F10449 /* oalRingBuffer.cpp in Sources */ = {isa = PBXBuildFile; fileRef = 1A2CD09A1D411E2800F10449 /* oalRingBuffer.cpp */; };
		1A2CD09F1D411E3D00F10449 /* oalRingBuffer.h in Headers */ = {isa = PBXBuildFile; fileRef = 1A2CD09B1D411E2800F10449 /* oalRingBuffer.h */; };
		1A2CD0A01D411E4100F10449 /* oalCaptureMixer.cpp in Sources */ = {isa = PBXBuildFile; fileRef = 1A2CD0981D411E2800F10449 /* oalCaptureMixer.cpp */; };
		1A2CD0A11D411E4100F10449 /* oalCaptureMixer.h in Headers */ = {isa = PBXBuildFile; fileRef = 1A2CD0991D411E2800F10449 /* oalCaptureMixer.h */; };
		1A2CD0A21D411E4200F10449 /* oalCaptureMixer.cpp in Sources */ = {isa = PBXBuildFile; fileRef = 1A2CD0981D411E2800F10449 /* oalCaptureMixer.cpp */; };
		1A2CD0A31D411E4200F10449 /* oalCaptureMixer.h in Headers */ = {isa = PBXBuildFile; fileRef = 1A2CD0991D411E2800F10449 /* oalCaptureMixer.h */; };
		1ACAA4101D5B359B006FBB96 /* AUBase.cpp in Sources */ = {isa = PBXBuildFile; fileRef = 1ACAA32E1D5B359B006FBB96 /* AUBase.cpp */; };
		1ACAA4111D5B359B006FBB96 /* AUBase.cpp in Sources */ = {isa = PBXBuildFile; fileRef = 1ACAA32E1D5B359B006FBB96 /* AUBase.cpp */; };
		1ACAA4121D5B359B006FBB96 /* AUBase.h in Headers */ = {isa = PBXBuildFile; fileRef = 1ACAA32F1D5B359B006FBB96 /* AUBase.h */; };
		1ACAA4131D5B359B006FBB96 /* AUBase.h in Headers */ = {isa = PBXBuildFile; fileRef = 1ACAA32F1D5B359B006FBB96 /* AUBase.h */; };
		1ACAA4841D5B359B006FBB96 /* AUOutputBL.h in Headers */ = {isa = PBXBuildFile; fileRef = 1ACAA36E1D5B359B006FBB96 /* AUOutputBL.h */; };
		1ACAA4851D5B359B006FBB96 /* AUOutputBL.h in Headers */ = {isa = PBXBuildFile; fileRef = 1ACAA36E1D5B359B006FBB96 /* AUOutputBL.h */; };
		1ACAA4881D5B359B006FBB96 /* AUParamInfo.h in Headers */ = {isa = PBXBuildFile; fileRef = 1ACAA3701D5B359B006FBB96 /* AUParamInfo.h */; };
		1ACAA4891D5B359B006FBB96 /* AUParamInfo.h in Headers */ = {isa = PBXBuildFile; fileRef = 1ACAA3701D5B359B006FBB96 /* AUParamInfo.h */; };
		1ACAA48A1D5B359B006FBB96 /* CAAtomic.h in Headers */ = {isa = PBXBuildFile; fileRef = 1ACAA3711D5B359B006FBB96 /* CAAtomic.h */; };
		1ACAA48B1D5B359B006FBB96 /* CAAtomic.h in Headers */ = {isa = PBXBuildFile; fileRef = 1ACAA3711D5B359B006FBB96 /* CAAtomic.h */; };
		1ACAA48C1D5B359B006FBB96 /* CAAtomicStack.h in Headers */ = {isa = PBXBuildFile; fileRef = 1ACAA3721D5B359B006FBB96 /* CAAtomicStack.h */; };
		1ACAA48D1D5B359B006FBB96 /* CAAtomicStack.h in Headers */ = {isa = PBXBuildFile; fileRef = 1ACAA3721D5B359B006FBB96 /* CAAtomicStack.h */; };
		1ACAA4901D5B359B006FBB96 /* CAAudioBufferList.h in Headers */ = {isa = PBXBuildFile; fileRef = 1ACAA3741D5B359B006FBB96 /* CAAudioBufferList.h */; };
		1ACAA4911D5B359B006FBB96 /* CAAudioBufferList.h in Headers */ = {isa = PBXBuildFile; fileRef = 1ACAA3741D5B359B006FBB96 /* CAAudioBufferList.h */; };
		1ACAA4941D5B359B006FBB96 /* CAAudioChannelLayout.h in Headers */ = {isa = PBXBuildFile; fileRef = 1ACAA3761D5B359B006FBB96 /* CAAudioChannelLayout.h */; };
		1ACAA4951D5B359B006FBB96 /* CAAudioChannelLayout.h in Headers */ = {isa = PBXBuildFile; fileRef = 1ACAA3761D5B359B006FBB96 /* CAAudioChannelLayout.h */; };
		1ACAA49A1D5B359B006FBB96 /* CAAudioFileFormats.h in Headers */ = {isa = PBXBuildFile; fileRef = 1ACAA3791D5B359B006FBB96 /* CAAudioFileFormats.h */; };
		1ACAA49B1D5B359B006FBB96 /* CAAudioFileFormats.h in Headers */ = {isa = PBXBuildFile; fileRef = 1ACAA3791D5B359B006FBB96 /* CAAudioFileFormats.h */; };
		1ACAA49E1D5B359B006FBB96 /* CAAudioTimeStamp.h in Headers */ = {isa = PBXBuildFile; fileRef = 1ACAA37B1D5B359B006FBB96 /* CAAudioTimeStamp.h */; };
		1ACAA49F1D5B359B006FBB96 /* CAAudioTimeStamp.h in Headers */ = {isa = PBXBuildFile; fileRef = 1ACAA37B1D5B359B006FBB96 /* CAAudioTimeStamp.h */; };
		1ACAA4A21D5B359B006FBB96 /* CAAudioUnit.h in Headers */ = {isa = PBXBuildFile; fileRef = 1ACAA37D1D5B359B006FBB96 /* CAAudioUnit.h */; };
		1ACAA4A31D5B359B006FBB96 /* CAAudioUnit.h in Headers */ = {isa = PBXBuildFile; fileRef = 1ACAA37D1D5B359B006FBB96 /* CAAudioUnit.h */; };
		1ACAA4A41D5B359B006FBB96 /* CAAudioUnitOutputCapturer.h in Headers */ = {isa = PBXBuildFile; fileRef = 1ACAA37E1D5B359B006FBB96 /* CAAudioUnitOutputCapturer.h */; };
		1ACAA4A51D5B359B006FBB96 /* CAAudioUnitOutputCapturer.h in Headers */ = {isa = PBXBuildFile; fileRef = 1ACAA37E1D5B359B006FBB96 /* CAAudioUnitOutputCapturer.h */; };
		1ACAA4A81D5B359B006FBB96 /* CAAudioValueRange.h in Headers */ = {isa = PBXBuildFile; fileRef = 1ACAA3801D5B359B006FBB96 /* CAAudioValueRange.h */; };
		1ACAA4A91D5B359B006FBB96 /* CAAudioValueRange.h in Headers */ = {isa = PBXBuildFile; fileRef = 1ACAA3801D5B359B006FBB96 /* CAAudioValueRange.h */; };
		1ACAA4AC1D5B359B006FBB96 /* CAAUMIDIMap.h in Headers */ = {isa = PBXBuildFile; fileRef = 1ACAA3821D5B359B006FBB96 /* CAAUMIDIMap.h */; };
		1ACAA4AD1D5B359B006FBB96 /* CAAUMIDIMap.h in Headers */ = {isa = PBXBuildFile; fileRef = 1ACAA3821D5B359B006FBB96 /* CAAUMIDIMap.h */; };
		1ACAA4B01D5B359B006FBB96 /* CAAUMIDIMapManager.h in Headers */ = {isa = PBXBuildFile; fileRef = 1ACAA3841D5B359B006FBB96 /* CAAUMIDIMapManager.h */; };
		1ACAA4B11D5B359B006FBB96 /* CAAUMIDIMapManager.h in Headers */ = {isa = PBXBuildFile; fileRef = 1ACAA3841D5B359B006FBB96 /* CAAUMIDIMapManager.h */; };
		1ACAA4B41D5B359B006FBB96 /* CAAUParameter.h in Headers */ = {isa = PBXBuildFile; fileRef = 1ACAA3861D5B359B006FBB96 /* CAAUParameter.h */; };
		1ACAA4B51D5B359B006FBB96 /* CAAUParameter.h in Headers */ = {isa = PBXBuildFile; fileRef = 1ACAA3861D5B359B006FBB96 /* CAAUParameter.h */; };
		1ACAA4B81D5B359B006FBB96 /* CAAUProcessor.h in Headers */ = {isa = PBXBuildFile; fileRef = 1ACAA3881D5B359B006FBB96 /* CAAUProcessor.h */; };
		1ACAA4B91D5B359B006FBB96 /* CAAUProcessor.h in Headers */ = {isa = PBXBuildFile; fileRef = 1ACAA3881D5B359B006FBB96 /* CAAUProcessor.h */; };
		1ACAA4BA1D5B359B006FBB96 /* CAAutoDisposer.h in Headers */ = {isa = PBXBuildFile; fileRef = 1ACAA3891D5B359B006FBB96 /* CAAutoDisposer.h */; };
		1ACAA4BB1D5B359B006FBB96 /* CAAutoDisposer.h in Headers */ = {isa = PBXBuildFile; fileRef = 1ACAA3891D5B359B006FBB96 /* CAAutoDisposer.h */; };
		1ACAA4BC1D5B359B006FBB96 /* CABitOperations.h in Headers */ = {isa = PBXBuildFile; fileRef = 1ACAA38A1D5B359B006FBB96 /* CABitOperations.h */; };
		1ACAA4BD1D5B359B006FBB96 /* CABitOperations.h in Headers */ = {isa = PBXBuildFile; fileRef = 1ACAA38A1D5B359B006FBB96 /* CABitOperations.h */; };
		1ACAA4BE1D5B359B006FBB96 /* CABool.h in Headers */ = {isa = PBXBuildFile; fileRef = 1ACAA38B1D5B359B006FBB96 /* CABool.h */; };
		1ACAA4BF1D5B359B006FBB96 /* CABool.h in Headers */ = {isa = PBXBuildFile; fileRef = 1ACAA38B1D5B359B006FBB96 /* CABool.h */; };
		1ACAA4C21D5B359B006FBB96 /* CABufferList.h in Headers */ = {isa = PBXBuildFile; fileRef = 1ACAA38D1D5B359B006FBB96 /* CABufferList.h */; };
		1ACAA4C31D5B359B006FBB96 /* CABufferList.h in Headers */ = {isa = PBXBuildFile; fileRef = 1ACAA38D1D5B359B006FBB96 /* CABufferList.h */; };
		1ACAA4C61D5B359B006FBB96 /* CABundleLocker.h in Headers */ = {isa = PBXBuildFile; fileRef = 1ACAA38F1D5B359B006FBB96 /* CABundleLocker.h */; };
		1ACAA4C71D5B359B006FBB96 /* CABundleLocker.h in Headers */ = {isa = PBXBuildFile; fileRef = 1ACAA38F1D5B359B006FBB96 /* CABundleLocker.h */; };
		1ACAA4C81D5B359B006FBB96 /* CAByteOrder.h in Headers */ = {isa = PBXBuildFile; fileRef = 1ACAA3901D5B359B006FBB96 /* CAByteOrder.h */; };
		1ACAA4C91D5B359B006FBB96 /* CAByteOrder.h in Headers */ = {isa = PBXBuildFile; fileRef = 1ACAA3901D5B359B006FBB96 /* CAByteOrder.h */; };
		1ACAA4CC1D5B359B006FBB96 /* CACFArray.h in Headers */ = {isa = PBXBuildFile; fileRef = 1ACAA3921D5B359B006FBB96 /* CACFArray.h */; };
		1ACAA4CD1D5B359B006FBB96 /* CACFArray.h in Headers */ = {isa = PBXBuildFile; fileRef = 1ACAA3921D5B359B006FBB96 /* CACFArray.h */; };
		1ACAA4CE1D5B359B006FBB96 /* CACFData.h in Headers */ = {isa = PBXBuildFile; fileRef = 1ACAA3931D5B359B006FBB96 /* CACFData.h */; };
		1ACAA4CF1D5B359B006FBB96 /* CACFData.h in Headers */ = {isa = PBXBuildFile; fileRef = 1ACAA3931D5B359B006FBB96 /* CACFData.h */; };
		1ACAA4D21D5B359B006FBB96 /* CACFDictionary.h in Headers */ = {isa = PBXBuildFile; fileRef = 1ACAA3951D5B359B006FBB96 /* CACFDictionary.h */; };
		1ACAA4D31D5B359B006FBB96 /* CACFDictionary.h in Headers */ = {isa = PBXBuildFile; fileRef = 1ACAA3951D5B359B006FBB96 /* CACFDictionary.h */; };
		1ACAA4D61D5B359B006FBB96 /* CACFDistributedNotification.h in Headers */ = {isa = PBXBuildFile; fileRef = 1ACAA3971D5B359B006FBB96 /* CACFDistributedNotification.h */; };
		1ACAA4D71D5B359B006FBB96 /* CACFDistributedNotification.h in Headers */ = {isa = PBXBuildFile; fileRef = 1ACAA3971D5B359B006FBB96 /* CACFDistributedNotification.h */; };
		1ACAA4DA1D5B359B006FBB96 /* CACFMachPort.h in Headers */ = {isa = PBXBuildFile; fileRef = 1ACAA3991D5B359B006FBB96 /* CACFMachPort.h */; };
		1ACAA4DB1D5B359B006FBB96 /* CACFMachPort.h in Headers */ = {isa = PBXBuildFile; fileRef = 1ACAA3991D5B359B006FBB96 /* CACFMachPort.h */; };
		1ACAA4DE1D5B359B006FBB96 /* CACFMessagePort.h in Headers */ = {isa = PBXBuildFile; fileRef = 1ACAA39B1D5B359B006FBB96 /* CACFMessagePort.h */; };
		1ACAA4DF1D5B359B006FBB96 /* CACFMessagePort.h in Headers */ = {isa = PBXBuildFile; fileRef = 1ACAA39B1D5B359B006FBB96 /* CACFMessagePort.h */; };
		1ACAA4E21D5B359B006FBB96 /* CACFNumber.h in Headers */ = {isa = PBXBuildFile; fileRef = 1ACAA39D1D5B359B006FBB96 /* CACFNumber.h */; };
		1ACAA4E31D5B359B006FBB96 /* CACFNumber.h in Headers */ = {isa = PBXBuildFile; fileRef = 1ACAA39D1D5B359B006FBB96 /* CACFNumber.h */; };
		1ACAA4E41D5B359B006FBB96 /* CACFObject.h in Headers */ = {isa = PBXBuildFile; fileRef = 1ACAA39E1D5B359B006FBB96 /* CACFObject.h */; };
		1ACAA4E51D5B359B006FBB96 /* CACFObject.h in Headers */ = {isa = PBXBuildFile; fileRef = 1ACAA39E1D5B359B006FBB96 /* CACFObject.h */; };
		1ACAA4E61D5B359B006FBB96 /* CACFPlugIn.h in Headers */ = {isa = PBXBuildFile; fileRef = 1ACAA39F1D5B359B006FBB96 /* CACFPlugIn.h */; };
		1ACAA4E71D5B359B006FBB96 /* CACFPlugIn.h in Headers */ = {isa = PBXBuildFile; fileRef = 1ACAA39F1D5B359B006FBB96 /* CACFPlugIn.h */; };
		1ACAA4EA1D5B359B006FBB96 /* CACFPreferences.h in Headers */ = {isa = PBXBuildFile; fileRef = 1ACAA3A11D5B359B006FBB96 /* CACFPreferences.h */; };
		1ACAA4EB1D5B359B006FBB96 /* CACFPreferences.h in Headers */ = {isa = PBXBuildFile; fileRef = 1ACAA3A11D5B359B006FBB96 /* CACFPreferences.h */; };
		1ACAA4EE1D5B359B006FBB96 /* CACFString.h in Headers */ = {isa = PBXBuildFile; fileRef = 1ACAA3A31D5B359B006FBB96 /* CACFString.h */; };
		1ACAA4EF1D5B359B006FBB96 /* CACFString.h in Headers */ = {isa = PBXBuildFile; fileRef = 1ACAA3A31D5B359B006FBB96 /* CACFString.h */; };
		1ACAA4F21D5B359B006FBB96 /* CAComponent.h in Headers */ = {isa = PBXBuildFile; fileRef = 1ACAA3A51D5B359B006FBB96 /* CAComponent.h */; };
		1ACAA4F31D5B359B006FBB96 /* CAComponent.h in Headers */ = {isa = PBXBuildFile; fileRef = 1ACAA3A51D5B359B006FBB96 /* CAComponent.h */; };
		1ACAA4F61D5B359B006FBB96 /* CAComponentDescription.h in Headers */ = {isa = PBXBuildFile; fileRef = 1ACAA3A71D5B359B006FBB96 /* CAComponentDescription.h */; };
		1ACAA4F71D5B359B006FBB96 /* CAComponentDescription.h in Headers */ = {isa = PBXBuildFile; fileRef = 1ACAA3A71D5B359B006FBB96 /* CAComponentDescription.h */; };
		1ACAA4FA1D5B359B006FBB96 /* CADebugger.h in Headers */ = {isa = PBXBuildFile; fileRef = 1ACAA3A91D5B359B006FBB96 /* CADebugger.h */; };
		1ACAA4FB1D5B359B006FBB96 /* CADebugger.h in Headers */ = {isa = PBXBuildFile; fileRef = 1ACAA3A91D5B359B006FBB96 /* CADebugger.h */; };
		1ACAA4FE1D5B359B006FBB96 /* CADebugMacros.h in Headers */ = {isa = PBXBuildFile; fileRef = 1ACAA3AB1D5B359B006FBB96 /* CADebugMacros.h */; };
		1ACAA4FF1D5B359B006FBB96 /* CADebugMacros.h in Headers */ = {isa = PBXBuildFile; fileRef = 1ACAA3AB1D5B359B006FBB96 /* CADebugMacros.h */; };
		1ACAA5021D5B359B006FBB96 /* CADebugPrintf.h in Headers */ = {isa = PBXBuildFile; fileRef = 1ACAA3AD1D5B359B006FBB96 /* CADebugPrintf.h */; };
		1ACAA5031D5B359B006FBB96 /* CADebugPrintf.h in Headers */ = {isa = PBXBuildFile; fileRef = 1ACAA3AD1D5B359B006FBB96 /* CADebugPrintf.h */; };
		1ACAA5041D5B359B006FBB96 /* CAException.h in Headers */ = {isa = PBXBuildFile; fileRef = 1ACAA3AE1D5B359B006FBB96 /* CAException.h */; };
		1ACAA5051D5B359B006FBB96 /* CAException.h in Headers */ = {isa = PBXBuildFile; fileRef = 1ACAA3AE1D5B359B006FBB96 /* CAException.h */; };
		1ACAA5061D5B359B006FBB96 /* CAExtAudioFile.h in Headers */ = {isa = PBXBuildFile; fileRef = 1ACAA3AF1D5B359B006FBB96 /* CAExtAudioFile.h */; };
		1ACAA5071D5B359B006FBB96 /* CAExtAudioFile.h in Headers */ = {isa = PBXBuildFile; fileRef = 1ACAA3AF1D5B359B006FBB96 /* CAExtAudioFile.h */; };
		1ACAA50A1D5B359B006FBB96 /* CAFilePathUtils.h in Headers */ = {isa = PBXBuildFile; fileRef = 1ACAA3B11D5B359B006FBB96 /* CAFilePathUtils.h */; };
		1ACAA50B1D5B359B006FBB96 /* CAFilePathUtils.h in Headers */ = {isa = PBXBuildFile; fileRef = 1ACAA3B11D5B359B006FBB96 /* CAFilePathUtils.h */; };
		1ACAA50E1D5B359B006FBB96 /* CAGuard.h in Headers */ = {isa = PBXBuildFile; fileRef = 1ACAA3B31D5B359B006FBB96 /* CAGuard.h */; };
		1ACAA50F1D5B359B006FBB96 /* CAGuard.h in Headers */ = {isa = PBXBuildFile; fileRef = 1ACAA3B31D5B359B006FBB96 /* CAGuard.h */; };
		1ACAA5121D5B359B006FBB96 /* CAHALAudioDevice.h in Headers */ = {isa = PBXBuildFile; fileRef = 1ACAA3B51D5B359B006FBB96 /* CAHALAudioDevice.h */; };
		1ACAA5131D5B359B006FBB96 /* CAHALAudioDevice.h in Headers */ = {isa = PBXBuildFile; fileRef = 1ACAA3B51D5B359B006FBB96 /* CAHALAudioDevice.h */; };
		1ACAA5161D5B359B006FBB96 /* CAHALAudioObject.h in Headers */ = {isa = PBXBuildFile; fileRef = 1ACAA3B71D5B359B006FBB96 /* CAHALAudioObject.h */; };
		1ACAA5171D5B359B006FBB96 /* CAHALAudioObject.h in Headers */ = {isa = PBXBuildFile; fileRef = 1ACAA3B71D5B359B006FBB96 /* CAHALAudioObject.h */; };
		1ACAA51A1D5B359B006FBB96 /* CAHALAudioStream.h in Headers */ = {isa = PBXBuildFile; fileRef = 1ACAA3B91D5B359B006FBB96 /* CAHALAudioStream.h */; };
		1ACAA51B1D5B359B006FBB96 /* CAHALAudioStream.h in Headers */ = {isa = PBXBuildFile; fileRef = 1ACAA3B91D5B359B006FBB96 /* CAHALAudioStream.h */; };
		1ACAA51E1D5B359B006FBB96 /* CAHALAudioSystemObject.h in Headers */ = {isa = PBXBuildFile; fileRef = 1ACAA3BB1D5B359B006FBB96 /* CAHALAudioSystemObject.h */; };
		1ACAA51F1D5B359B006FBB96 /* CAHALAudioSystemObject.h in Headers */ = {isa = PBXBuildFile; fileRef = 1ACAA3BB1D5B359B006FBB96 /* CAHALAudioSystemObject.h */; };
		1ACAA5221D5B359B006FBB96 /* CAHostTimeBase.h in Headers */ = {isa = PBXBuildFile; fileRef = 1ACAA3BD1D5B359B006FBB96 /* CAHostTimeBase.h */; };
		1ACAA5231D5B359B006FBB96 /* CAHostTimeBase.h in Headers */ = {isa = PBXBuildFile; fileRef = 1ACAA3BD1D5B359B006FBB96 /* CAHostTimeBase.h */; };
		1ACAA5241D5B359B006FBB96 /* CALogMacros.h in Headers */ = {isa = PBXBuildFile; fileRef = 1ACAA3BE1D5B359B006FBB96 /* CALogMacros.h */; };
		1ACAA5251D5B359B006FBB96 /* CALogMacros.h in Headers */ = {isa = PBXBuildFile; fileRef = 1ACAA3BE1D5B359B006FBB96 /* CALogMacros.h */; };
		1ACAA5261D5B359B006FBB96 /* CAMath.h in Headers */ = {isa = PBXBuildFile; fileRef = 1ACAA3BF1D5B359B006FBB96 /* CAMath.h */; };
		1ACAA5271D5B359B006FBB96 /* CAMath.h in Headers */ = {isa = PBXBuildFile; fileRef = 1ACAA3BF1D5B359B006FBB96 /* CAMath.h */; };
		1ACAA5281D5B359B006FBB96 /* CAMixMap.h in Headers */ = {isa = PBXBuildFile; fileRef = 1ACAA3C01D5B359B006FBB96 /* CAMixMap.h */; };
		1ACAA5291D5B359B006FBB96 /* CAMixMap.h in Headers */ = {isa = PBXBuildFile; fileRef = 1ACAA3C01D5B359B006FBB96 /* CAMixMap.h */; };
		1ACAA52C1D5B359B006FBB96 /* CAMutex.h in Headers */ = {isa = PBXBuildFile; fileRef = 1ACAA3C21D5B359B006FBB96 /* CAMutex.h */; };
		1ACAA52D1D5B359B006FBB96 /* CAMutex.h in Headers */ = {isa = PBXBuildFile; fileRef = 1ACAA3C21D5B359B006FBB96 /* CAMutex.h */; };
		1ACAA5321D5B359B006FBB96 /* CAProcess.h in Headers */ = {isa = PBXBuildFile; fileRef = 1ACAA3C51D5B359B006FBB96 /* CAProcess.h */; };
		1ACAA5331D5B359B006FBB96 /* CAProcess.h in Headers */ = {isa = PBXBuildFile; fileRef = 1ACAA3C51D5B359B006FBB96 /* CAProcess.h */; };
		1ACAA5341D5B359B006FBB96 /* CAPropertyAddress.h in Headers */ = {isa = PBXBuildFile; fileRef = 1ACAA3C61D5B359B006FBB96 /* CAPropertyAddress.h */; };
		1ACAA5351D5B359B006FBB96 /* CAPropertyAddress.h in Headers */ = {isa = PBXBuildFile; fileRef = 1ACAA3C61D5B359B006FBB96 /* CAPropertyAddress.h */; };
		1ACAA5381D5B359B006FBB96 /* CAPThread.h in Headers */ = {isa = PBXBuildFile; fileRef = 1ACAA3C81D5B359B006FBB96 /* CAPThread.h */; };
		1ACAA5391D5B359B006FBB96 /* CAPThread.h in Headers */ = {isa = PBXBuildFile; fileRef = 1ACAA3C81D5B359B006FBB96 /* CAPThread.h */; };
		1ACAA53A1D5B359B006FBB96 /* CAReferenceCounted.h in Headers */ = {isa = PBXBuildFile; fileRef = 1ACAA3C91D5B359B006FBB96 /* CAReferenceCounted.h */; };
		1ACAA53B1D5B359B006FBB96 /* CAReferenceCounted.h in Headers */ = {isa = PBXBuildFile; fileRef = 1ACAA3C91D5B359B006FBB96 /* CAReferenceCounted.h */; };
		1ACAA53E1D5B359B006FBB96 /* CARingBuffer.h in Headers */ = {isa = PBXBuildFile; fileRef = 1ACAA3CB1D5B359B006FBB96 /* CARingBuffer.h */; };
		1ACAA53F1D5B359B006FBB96 /* CARingBuffer.h in Headers */ = {isa = PBXBuildFile; fileRef = 1ACAA3CB1D5B359B006FBB96 /* CARingBuffer.h */; };
		1ACAA5421D5B359B006FBB96 /* CASettingsStorage.h in Headers */ = {isa = PBXBuildFile; fileRef = 1ACAA3CD1D5B359B006FBB96 /* CASettingsStorage.h */; };
		1ACAA5431D5B359B006FBB96 /* CASettingsStorage.h in Headers */ = {isa = PBXBuildFile; fileRef = 1ACAA3CD1D5B359B006FBB96 /* CASettingsStorage.h */; };
		1ACAA5461D5B359B006FBB96 /* CASharedLibrary.h in Headers */ = {isa = PBXBuildFile; fileRef = 1ACAA3CF1D5B359B006FBB96 /* CASharedLibrary.h */; };
		1ACAA5471D5B359B006FBB96 /* CASharedLibrary.h in Headers */ = {isa = PBXBuildFile; fileRef = 1ACAA3CF1D5B359B006FBB96 /* CASharedLibrary.h */; };
		1ACAA54A1D5B359B006FBB96 /* CASpectralProcessor.h in Headers */ = {isa = PBXBuildFile; fileRef = 1ACAA3D11D5B359B006FBB96 /* CASpectralProcessor.h */; };
		1ACAA54B1D5B359B006FBB96 /* CASpectralProcessor.h in Headers */ = {isa = PBXBuildFile; fileRef = 1ACAA3D11D5B359B006FBB96 /* CASpectralProcessor.h */; };
		1ACAA54E1D5B359B006FBB96 /* CAStreamBasicDescription.h in Headers */ = {isa = PBXBuildFile; fileRef = 1ACAA3D31D5B359B006FBB96 /* CAStreamBasicDescription.h */; };
		1ACAA54F1D5B359B006FBB96 /* CAStreamBasicDescription.h in Headers */ = {isa = PBXBuildFile; fileRef = 1ACAA3D31D5B359B006FBB96 /* CAStreamBasicDescription.h */; };
		1ACAA5521D5B359B006FBB96 /* CAStreamRangedDescription.h in Headers */ = {isa = PBXBuildFile; fileRef = 1ACAA3D51D5B359B006FBB96 /* CAStreamRangedDescription.h */; };
		1ACAA5531D5B359B006FBB96 /* CAStreamRangedDescription.h in Headers */ = {isa = PBXBuildFile; fileRef = 1ACAA3D51D5B359B006FBB96 /* CAStreamRangedDescription.h */; };
		1ACAA5541D5B359B006FBB96 /* CAThreadSafeList.h in Headers */ = {isa = PBXBuildFile; fileRef = 1ACAA3D61D5B359B006FBB96 /* CAThreadSafeList.h */; };
		1ACAA5551D5B359B006FBB96 /* CAThreadSafeList.h in Headers */ = {isa = PBXBuildFile; fileRef = 1ACAA3D61D5B359B006FBB96 /* CAThreadSafeList.h */; };
		1ACAA5561D5B359B006FBB96 /* CATink.h in Headers */ = {isa = PBXBuildFile; fileRef = 1ACAA3D71D5B359B006FBB96 /* CATink.h */; };
		1ACAA5571D5B359B006FBB96 /* CATink.h in Headers */ = {isa = PBXBuildFile; fileRef = 1ACAA3D71D5B359B006FBB96 /* CATink.h */; };
		1ACAA5581D5B359B006FBB96 /* CATokenMap.h in Headers */ = {isa = PBXBuildFile; fileRef = 1ACAA3D81D5B359B006FBB96 /* CATokenMap.h */; };
		1ACAA5591D5B359B006FBB96 /* CATokenMap.h in Headers */ = {isa = PBXBuildFile; fileRef = 1ACAA3D81D5B359B006FBB96 /* CATokenMap.h */; };
		1ACAA55C1D5B359B006FBB96 /* CAVectorUnit.h in Headers */ = {isa = PBXBuildFile; fileRef = 1ACAA3DA1D5B359B006FBB96 /* CAVectorUnit.h */; };
		1ACAA55D1D5B359B006FBB96 /* CAVectorUnit.h in Headers */ = {isa = PBXBuildFile; fileRef = 1ACAA3DA1D5B359B006FBB96 /* CAVectorUnit.h */; };
		1ACAA55E1D5B359B006FBB96 /* CAVectorUnitTypes.h in Headers */ = {isa = PBXBuildFile; fileRef = 1ACAA3DB1D5B359B006FBB96 /* CAVectorUnitTypes.h */; };
		1ACAA55F1D5B359B006FBB96 /* CAVectorUnitTypes.h in Headers */ = {isa = PBXBuildFile; fileRef = 1ACAA3DB1D5B359B006FBB96 /* CAVectorUnitTypes.h */; };
		1ACAA5621D5B359B006FBB96 /* CAVolumeCurve.h in Headers */ = {isa = PBXBuildFile; fileRef = 1ACAA3DD1D5B359B006FBB96 /* CAVolumeCurve.h */; };
		1ACAA5631D5B359B006FBB96 /* CAVolumeCurve.h in Headers */ = {isa = PBXBuildFile; fileRef = 1ACAA3DD1D5B359B006FBB96 /* CAVolumeCurve.h */; };
		1ACAA5661D5B359B006FBB96 /* CAXException.h in Headers */ = {isa = PBXBuildFile; fileRef = 1ACAA3DF1D5B359B006FBB96 /* CAXException.h */; };
		1ACAA5671D5B359B006FBB96 /* CAXException.h in Headers */ = {isa = PBXBuildFile; fileRef = 1ACAA3DF1D5B359B006FBB96 /* CAXException.h */; };
		1ACAA56A1D5B359B006FBB96 /* MatrixMixerVolumes.h in Headers */ = {isa = PBXBuildFile; fileRef = 1ACAA3E11D5B359B006FBB96 /* MatrixMixerVolumes.h */; };
		1ACAA56B1D5B359B006FBB96 /* MatrixMixerVolumes.h in Headers */ = {isa = PBXBuildFile; fileRef = 1ACAA3E11D5B359B006FBB96 /* MatrixMixerVolumes.h */; };
		1ACAA5921D5B3694006FBB96 /* AUBaseHelper.cpp in Sources */ = {isa = PBXBuildFile; fileRef = 1ACAA5891D5B3694006FBB96 /* AUBaseHelper.cpp */; };
		1ACAA5931D5B3694006FBB96 /* AUBaseHelper.cpp in Sources */ = {isa = PBXBuildFile; fileRef = 1ACAA5891D5B3694006FBB96 /* AUBaseHelper.cpp */; };
		1ACAA5941D5B3694006FBB96 /* AUBaseHelper.h in Headers */ = {isa = PBXBuildFile; fileRef = 1ACAA58A1D5B3694006FBB96 /* AUBaseHelper.h */; };
		1ACAA5951D5B3694006FBB96 /* AUBaseHelper.h in Headers */ = {isa = PBXBuildFile; fileRef = 1ACAA58A1D5B3694006FBB96 /* AUBaseHelper.h */; };
		1ACAA5961D5B3694006FBB96 /* AUBuffer.cpp in Sources */ = {isa = PBXBuildFile; fileRef = 1ACAA58B1D5B3694006FBB96 /* AUBuffer.cpp */; };
		1ACAA5971D5B3694006FBB96 /* AUBuffer.cpp in Sources */ = {isa = PBXBuildFile; fileRef = 1ACAA58B1D5B3694006FBB96 /* AUBuffer.cpp */; };
		1ACAA5981D5B3694006FBB96 /* AUBuffer.h in Headers */ = {isa = PBXBuildFile; fileRef = 1ACAA58C1D5B3694006FBB96 /* AUBuffer.h */; };
		1ACAA5991D5B3694006FBB96 /* AUBuffer.h in Headers */ = {isa = PBXBuildFile; fileRef = 1ACAA58C1D5B3694006FBB96 /* AUBuffer.h */; };
		1ACAA59A1D5B3694006FBB96 /* AUInputFormatConverter.h in Headers */ = {isa = PBXBuildFile; fileRef = 1ACAA58D1D5B3694006FBB96 /* AUInputFormatConverter.h */; };
		1ACAA59B1D5B3694006FBB96 /* AUInputFormatConverter.h in Headers */ = {isa = PBXBuildFile; fileRef = 1ACAA58D1D5B3694006FBB96 /* AUInputFormatConverter.h */; };
		1ACAA59C1D5B3694006FBB96 /* AUMIDIDefs.h in Headers */ = {isa = PBXBuildFile; fileRef = 1ACAA58E1D5B3694006FBB96 /* AUMIDIDefs.h */; };
		1ACAA59D1D5B3694006FBB96 /* AUMIDIDefs.h in Headers */ = {isa = PBXBuildFile; fileRef = 1ACAA58E1D5B3694006FBB96 /* AUMIDIDefs.h */; };
		1ACAA59E1D5B3694006FBB96 /* AUSilentTimeout.h in Headers */ = {isa = PBXBuildFile; fileRef = 1ACAA58F1D5B3694006FBB96 /* AUSilentTimeout.h */; };
		1ACAA59F1D5B3694006FBB96 /* AUSilentTimeout.h in Headers */ = {isa = PBXBuildFile; fileRef = 1ACAA58F1D5B3694006FBB96 /* AUSilentTimeout.h */; };
		1ACAA5A01D5B3694006FBB96 /* AUTimestampGenerator.cpp in Sources */ = {isa = PBXBuildFile; fileRef = 1ACAA5901D5B3694006FBB96 /* AUTimestampGenerator.cpp */; };
		1ACAA5A11D5B3694006FBB96 /* AUTimestampGenerator.cpp in Sources */ = {isa = PBXBuildFile; fileRef = 1ACAA5901D5B3694006FBB96 /* AUTimestampGenerator.cpp */; };
		1ACAA5A21D5B3694006FBB96 /* AUTimestampGenerator.h in Headers */ = {isa = PBXBuildFile; fileRef = 1ACAA5911D5B3694006FBB96 /* AUTimestampGenerator.h */; };
		1ACAA5A31D5B3694006FBB96 /* AUTimestampGenerator.h in Headers */ = {isa = PBXBuildFile; fileRef = 1ACAA5911D5B3694006FBB96 /* AUTimestampGenerator.h */; };
		1ACAA5A61D5B36D5006FBB96 /* AUDispatch.cpp in Sources */ = {isa = PBXBuildFile; fileRef = 1ACAA5A41D5B36D5006FBB96 /* AUDispatch.cpp */; };
		1ACAA5A71D5B36D5006FBB96 /* AUDispatch.cpp in Sources */ = {isa = PBXBuildFile; fileRef = 1ACAA5A41D5B36D5006FBB96 /* AUDispatch.cpp */; };
		1ACAA5A81D5B36D5006FBB96 /* AUDispatch.h in Headers */ = {isa = PBXBuildFile; fileRef = 1ACAA5A51D5B36D5006FBB96 /* AUDispatch.h */; };
		1ACAA5A91D5B36D5006FBB96 /* AUDispatch.h in Headers */ = {isa = PBXBuildFile; fileRef = 1ACAA5A51D5B36D5006FBB96 /* AUDispatch.h */; };
		1ACAA5AE1D5B36E7006FBB96 /* AUScopeElement.cpp in Sources */ = {isa = PBXBuildFile; fileRef = 1ACAA5AA1D5B36E7006FBB96 /* AUScopeElement.cpp */; };
		1ACAA5AF1D5B36E7006FBB96 /* AUScopeElement.cpp in Sources */ = {isa = PBXBuildFile; fileRef = 1ACAA5AA1D5B36E7006FBB96 /* AUScopeElement.cpp */; };
		1ACAA5B01D5B36E7006FBB96 /* AUScopeElement.h in Headers */ = {isa = PBXBuildFile; fileRef = 1ACAA5AB1D5B36E7006FBB96 /* AUScopeElement.h */; };
		1ACAA5B11D5B36E7006FBB96 /* AUScopeElement.h in Headers */ = {isa = PBXBuildFile; fileRef = 1ACAA5AB1D5B36E7006FBB96 /* AUScopeElement.h */; };
		1ACAA5B21D5B36E7006FBB96 /* ComponentBase.cpp in Sources */ = {isa = PBXBuildFile; fileRef = 1ACAA5AC1D5B36E7006FBB96 /* ComponentBase.cpp */; };
		1ACAA5B31D5B36E7006FBB96 /* ComponentBase.cpp in Sources */ = {isa = PBXBuildFile; fileRef = 1ACAA5AC1D5B36E7006FBB96 /* ComponentBase.cpp */; };
		1ACAA5B41D5B36E7006FBB96 /* ComponentBase.h in Headers */ = {isa = PBXBuildFile; fileRef = 1ACAA5AD1D5B36E7006FBB96 /* ComponentBase.h */; };
		1ACAA5B51D5B36E7006FBB96 /* ComponentBase.h in Headers */ = {isa = PBXBuildFile; fileRef = 1ACAA5AD1D5B36E7006FBB96 /* ComponentBase.h */; };
		1ACAA5BA1D5B36F9006FBB96 /* AUInputElement.cpp in Sources */ = {isa = PBXBuildFile; fileRef = 1ACAA5B61D5B36F9006FBB96 /* AUInputElement.cpp */; };
		1ACAA5BB1D5B36F9006FBB96 /* AUInputElement.cpp in Sources */ = {isa = PBXBuildFile; fileRef = 1ACAA5B61D5B36F9006FBB96 /* AUInputElement.cpp */; };
		1ACAA5BC1D5B36F9006FBB96 /* AUInputElement.h in Headers */ = {isa = PBXBuildFile; fileRef = 1ACAA5B71D5B36F9006FBB96 /* AUInputElement.h */; };
		1ACAA5BD1D5B36F9006FBB96 /* AUInputElement.h in Headers */ = {isa = PBXBuildFile; fileRef = 1ACAA5B71D5B36F9006FBB96 /* AUInputElement.h */; };
		1ACAA5BE1D5B36F9006FBB96 /* AUOutputElement.cpp in Sources */ = {isa = PBXBuildFile; fileRef = 1ACAA5B81D5B36F9006FBB96 /* AUOutputElement.cpp */; };
		1ACAA5BF1D5B36F9006FBB96 /* AUOutputElement.cpp in Sources */ = {isa = PBXBuildFile; fileRef = 1ACAA5B81D5B36F9006FBB96 /* AUOutputElement.cpp */; };
		1ACAA5C01D5B36F9006FBB96 /* AUOutputElement.h in Headers */ = {isa = PBXBuildFile; fileRef = 1ACAA5B91D5B36F9006FBB96 /* AUOutputElement.h */; };
		1ACAA5C11D5B36F9006FBB96 /* AUOutputElement.h in Headers */ = {isa = PBXBuildFile; fileRef = 1ACAA5B91D5B36F9006FBB96 /* AUOutputElement.h */; };
		1ACAA5C71D5B37C9006FBB96 /* CAAudioBufferList.cpp in Sources */ = {isa = PBXBuildFile; fileRef = 1ACAA5C21D5B37C8006FBB96 /* CAAudioBufferList.cpp */; };
		1ACAA5C81D5B37C9006FBB96 /* CAAudioBufferList.cpp in Sources */ = {isa = PBXBuildFile; fileRef = 1ACAA5C21D5B37C8006FBB96 /* CAAudioBufferList.cpp */; };
		1ACAA5C91D5B37C9006FBB96 /* CAGuard.cpp in Sources */ = {isa = PBXBuildFile; fileRef = 1ACAA5C31D5B37C9006FBB96 /* CAGuard.cpp */; };
		1ACAA5CA1D5B37C9006FBB96 /* CAGuard.cpp in Sources */ = {isa = PBXBuildFile; fileRef = 1ACAA5C31D5B37C9006FBB96 /* CAGuard.cpp */; };
		1ACAA5CB1D5B37C9006FBB96 /* CAHostTimeBase.cpp in Sources */ = {isa = PBXBuildFile; fileRef = 1ACAA5C41D5B37C9006FBB96 /* CAHostTimeBase.cpp */; };
		1ACAA5CC1D5B37C9006FBB96 /* CAHostTimeBase.cpp in Sources */ = {isa = PBXBuildFile; fileRef = 1ACAA5C41D5B37C9006FBB96 /* CAHostTimeBase.cpp */; };
		1ACAA5CD1D5B37C9006FBB96 /* CAMutex.cpp in Sources */ = {isa = PBXBuildFile; fileRef = 1ACAA5C51D5B37C9006FBB96 /* CAMutex.cpp */; };
		1ACAA5CE1D5B37C9006FBB96 /* CAMutex.cpp in Sources */ = {isa = PBXBuildFile; fileRef = 1ACAA5C51D5B37C9006FBB96 /* CAMutex.cpp */; };
		1ACAA5CF1D5B37C9006FBB96 /* CARingBuffer.cpp in Sources */ = {isa = PBXBuildFile; fileRef = 1ACAA5C61D5B37C9006FBB96 /* CARingBuffer.cpp */; };
		1ACAA5D01D5B37C9006FBB96 /* CARingBuffer.cpp in Sources */ = {isa = PBXBuildFile; fileRef = 1ACAA5C61D5B37C9006FBB96 /* CARingBuffer.cpp */; };
		1ACAA5D21D5B37E2006FBB96 /* CAVectorUnit.cpp in Sources */ = {isa = PBXBuildFile; fileRef = 1ACAA5D11D5B37E2006FBB96 /* CAVectorUnit.cpp */; };
		1ACAA5D31D5B37E2006FBB96 /* CAVectorUnit.cpp in Sources */ = {isa = PBXBuildFile; fileRef = 1ACAA5D11D5B37E2006FBB96 /* CAVectorUnit.cpp */; };
		1ACAA5D81D5B3814006FBB96 /* CAStreamBasicDescription.cpp in Sources */ = {isa = PBXBuildFile; fileRef = 1ACAA5D71D5B3814006FBB96 /* CAStreamBasicDescription.cpp */; };
		1ACAA5D91D5B3814006FBB96 /* CAStreamBasicDescription.cpp in Sources */ = {isa = PBXBuildFile; fileRef = 1ACAA5D71D5B3814006FBB96 /* CAStreamBasicDescription.cpp */; };
		1ACAA5DB1D5B382F006FBB96 /* CAAudioChannelLayout.cpp in Sources */ = {isa = PBXBuildFile; fileRef = 1ACAA5DA1D5B382F006FBB96 /* CAAudioChannelLayout.cpp */; };
		1ACAA5DC1D5B382F006FBB96 /* CAAudioChannelLayout.cpp in Sources */ = {isa = PBXBuildFile; fileRef = 1ACAA5DA1D5B382F006FBB96 /* CAAudioChannelLayout.cpp */; };
		1ACAA5DE1D5B383B006FBB96 /* CABufferList.cpp in Sources */ = {isa = PBXBuildFile; fileRef = 1ACAA5DD1D5B383B006FBB96 /* CABufferList.cpp */; };
		1ACAA5DF1D5B383B006FBB96 /* CABufferList.cpp in Sources */ = {isa = PBXBuildFile; fileRef = 1ACAA5DD1D5B383B006FBB96 /* CABufferList.cpp */; };
		8A5E140608EB104300AFA934 /* oalCaptureDevice.h in Headers */ = {isa = PBXBuildFile; fileRef = 8A5E140408EB104300AFA934 /* oalCaptureDevice.h */; };
		8A5E140708EB104300AFA934 /* oalCaptureDevice.cpp in Sources */ = {isa = PBXBuildFile; fileRef = 8A5E140508EB104300AFA934 /* oalCaptureDevice.cpp */; };
		8A7EE4560A02DD3900D94919 /* MacOSX_OALExtensions.h in Headers */ = {isa = PBXBuildFile; fileRef = 8A7EE4550A02DD3900D94919 /* MacOSX_OALExtensions.h */; settings = {ATTRIBUTES = (Public, ); }; };
		8A7EE4840A02DEB700D94919 /* alut.h in Headers */ = {isa = PBXBuildFile; fileRef = 984FDEC60433F5A20042B474 /* alut.h */; settings = {ATTRIBUTES = (); }; };
		8A87DAC108B1099D00178F66 /* oalSource.cpp in Sources */ = {isa = PBXBuildFile; fileRef = 8A87DABF08B1099D00178F66 /* oalSource.cpp */; };
		8AC6BDCE09B39D9400242AEF /* al.h in Headers */ = {isa = PBXBuildFile; fileRef = 984FDEC20433F5A20042B474 /* al.h */; settings = {ATTRIBUTES = (Public, ); }; };
		8AC6BDCF09B39D9400242AEF /* alc.h in Headers */ = {isa = PBXBuildFile; fileRef = 984FDEC30433F5A20042B474 /* alc.h */; settings = {ATTRIBUTES = (Public, ); }; };
		8AC6BDD009B39D9400242AEF /* oalBuffer.h in Headers */ = {isa = PBXBuildFile; fileRef = 8AB7B234053B3AC100A9757A /* oalBuffer.h */; };
		8AC6BDD109B39D9400242AEF /* oalContext.h in Headers */ = {isa = PBXBuildFile; fileRef = 8AB7B22C053B3AA700A9757A /* oalContext.h */; };
		8AC6BDD209B39D9400242AEF /* oalDevice.h in Headers */ = {isa = PBXBuildFile; fileRef = 8A39B0B20533393F006B1D0F /* oalDevice.h */; };
		8AC6BDD309B39D9400242AEF /* oalImp.h in Headers */ = {isa = PBXBuildFile; fileRef = 8A986533053763B9003F7FA0 /* oalImp.h */; };
		8AC6BDD409B39D9400242AEF /* oalOSX.h in Headers */ = {isa = PBXBuildFile; fileRef = 8A0561E40546034200A003E7 /* oalOSX.h */; };
		8AC6BDD509B39D9400242AEF /* oalSource.h in Headers */ = {isa = PBXBuildFile; fileRef = 8AB7B230053B3AB500A9757A /* oalSource.h */; };
		8AC6BDDE09B39D9400242AEF /* oalCaptureDevice.h in Headers */ = {isa = PBXBuildFile; fileRef = 8A5E140408EB104300AFA934 /* oalCaptureDevice.h */; };
		8AC6BDE209B39D9400242AEF /* oalContext.cpp in Sources */ = {isa = PBXBuildFile; fileRef = 8AB7B22D053B3AA700A9757A /* oalContext.cpp */; };
		8AC6BDE309B39D9400242AEF /* oalDevice.cpp in Sources */ = {isa = PBXBuildFile; fileRef = 8A39B0B30533393F006B1D0F /* oalDevice.cpp */; };
		8AC6BDE409B39D9400242AEF /* oalImp.cpp in Sources */ = {isa = PBXBuildFile; fileRef = 8A986534053763B9003F7FA0 /* oalImp.cpp */; };
		8AC6BDE509B39D9400242AEF /* oalOSX.cpp in Sources */ = {isa = PBXBuildFile; fileRef = 8A0561E50546034200A003E7 /* oalOSX.cpp */; };
		8AC6BDEC09B39D9400242AEF /* oalSource.cpp in Sources */ = {isa = PBXBuildFile; fileRef = 8A87DABF08B1099D00178F66 /* oalSource.cpp */; };
		8AC6BDED09B39D9400242AEF /* oalBuffer.cpp in Sources */ = {isa = PBXBuildFile; fileRef = 8AF8503708D2513B004B64E7 /* oalBuffer.cpp */; };
		8AC6BDEE09B39D9400242AEF /* oalCaptureDevice.cpp in Sources */ = {isa = PBXBuildFile; fileRef = 8A5E140508EB104300AFA934 /* oalCaptureDevice.cpp */; };
		8AC6BDF209B39D9400242AEF /* CoreAudio.framework in Frameworks */ = {isa = PBXBuildFile; fileRef = 981B79AD0523A4A500940F97 /* CoreAudio.framework */; };
		8AC6BDF309B39D9400242AEF /* CoreFoundation.framework in Frameworks */ = {isa = PBXBuildFile; fileRef = 8A482665053C8B290040E37D /* CoreFoundation.framework */; };
		8AC6BDF409B39D9400242AEF /* AudioToolbox.framework in Frameworks */ = {isa = PBXBuildFile; fileRef = 8A482667053C8B3F0040E37D /* AudioToolbox.framework */; };
		8AC6BDF509B39D9400242AEF /* AudioUnit.framework in Frameworks */ = {isa = PBXBuildFile; fileRef = 8A482668053C8B3F0040E37D /* AudioUnit.framework */; };
		8AC6BDF609B39D9400242AEF /* CoreServices.framework in Frameworks */ = {isa = PBXBuildFile; fileRef = 8A8C7E59058A3C5800C746A3 /* CoreServices.framework */; };
		8ACAAC7106528BF200E2D337 /* oalImp.h in Headers */ = {isa = PBXBuildFile; fileRef = 8A986533053763B9003F7FA0 /* oalImp.h */; };
		8ACAAC7206528BF200E2D337 /* oalContext.h in Headers */ = {isa = PBXBuildFile; fileRef = 8AB7B22C053B3AA700A9757A /* oalContext.h */; };
		8ACAAC7306528BF200E2D337 /* oalSource.h in Headers */ = {isa = PBXBuildFile; fileRef = 8AB7B230053B3AB500A9757A /* oalSource.h */; };
		8ACAAC7406528BF200E2D337 /* oalBuffer.h in Headers */ = {isa = PBXBuildFile; fileRef = 8AB7B234053B3AC100A9757A /* oalBuffer.h */; };
		8ACAAC7506528BF200E2D337 /* oalDevice.h in Headers */ = {isa = PBXBuildFile; fileRef = 8A39B0B20533393F006B1D0F /* oalDevice.h */; };
		8ACAAC7606528BF200E2D337 /* oalOSX.h in Headers */ = {isa = PBXBuildFile; fileRef = 8A0561E40546034200A003E7 /* oalOSX.h */; };
		8ACAAC8006528BF200E2D337 /* oalDevice.cpp in Sources */ = {isa = PBXBuildFile; fileRef = 8A39B0B30533393F006B1D0F /* oalDevice.cpp */; };
		8ACAAC8106528BF200E2D337 /* oalImp.cpp in Sources */ = {isa = PBXBuildFile; fileRef = 8A986534053763B9003F7FA0 /* oalImp.cpp */; };
		8ACAAC8206528BF200E2D337 /* oalContext.cpp in Sources */ = {isa = PBXBuildFile; fileRef = 8AB7B22D053B3AA700A9757A /* oalContext.cpp */; };
		8ACAAC8406528BF200E2D337 /* oalOSX.cpp in Sources */ = {isa = PBXBuildFile; fileRef = 8A0561E50546034200A003E7 /* oalOSX.cpp */; };
		8ACAAC8B06528BF200E2D337 /* CoreAudio.framework in Frameworks */ = {isa = PBXBuildFile; fileRef = 981B79AD0523A4A500940F97 /* CoreAudio.framework */; };
		8ACAAC8D06528BF200E2D337 /* CoreFoundation.framework in Frameworks */ = {isa = PBXBuildFile; fileRef = 8A482665053C8B290040E37D /* CoreFoundation.framework */; };
		8ACAAC8E06528BF200E2D337 /* AudioToolbox.framework in Frameworks */ = {isa = PBXBuildFile; fileRef = 8A482667053C8B3F0040E37D /* AudioToolbox.framework */; };
		8ACAAC8F06528BF200E2D337 /* AudioUnit.framework in Frameworks */ = {isa = PBXBuildFile; fileRef = 8A482668053C8B3F0040E37D /* AudioUnit.framework */; };
		8ACAAC9006528BF200E2D337 /* CoreServices.framework in Frameworks */ = {isa = PBXBuildFile; fileRef = 8A8C7E59058A3C5800C746A3 /* CoreServices.framework */; };
		8AE33A27090F0C1B00AF30D6 /* alc.h in Headers */ = {isa = PBXBuildFile; fileRef = 984FDEC30433F5A20042B474 /* alc.h */; settings = {ATTRIBUTES = (Public, ); }; };
		8AE33A29090F0C3D00AF30D6 /* al.h in Headers */ = {isa = PBXBuildFile; fileRef = 984FDEC20433F5A20042B474 /* al.h */; settings = {ATTRIBUTES = (Public, ); }; };
		8AF8503908D2513B004B64E7 /* oalBuffer.cpp in Sources */ = {isa = PBXBuildFile; fileRef = 8AF8503708D2513B004B64E7 /* oalBuffer.cpp */; };
		F749ED7F0B6EC85B00589706 /* OpenAL.plist in Copy Plist */ = {isa = PBXBuildFile; fileRef = F749ED7D0B6EC85700589706 /* OpenAL.plist */; };
		F749ED830B6ECB3200589706 /* OpenAL.txt in Copy License */ = {isa = PBXBuildFile; fileRef = F749ED810B6ECB2A00589706 /* OpenAL.txt */; };
/* End PBXBuildFile section */

/* Begin PBXContainerItemProxy section */
		8ACAAC9A06528C7E00E2D337 /* PBXContainerItemProxy */ = {
			isa = PBXContainerItemProxy;
			containerPortal = 0867D690FE84028FC02AAC07 /* Project object */;
			proxyType = 1;
			remoteGlobalIDString = 8ACAAC6A06528BF200E2D337;
			remoteInfo = OpenAL;
		};
/* End PBXContainerItemProxy section */

/* Begin PBXCopyFilesBuildPhase section */
		8AC6BDF809B39D9400242AEF /* CopyFiles */ = {
			isa = PBXCopyFilesBuildPhase;
			buildActionMask = 8;
			dstPath = /Developer/Examples/CoreAudio/OpenAL;
			dstSubfolderSpec = 0;
			files = (
			);
			runOnlyForDeploymentPostprocessing = 1;
		};
		F749ED780B6EC79700589706 /* Copy Plist */ = {
			isa = PBXCopyFilesBuildPhase;
			buildActionMask = 8;
			dstPath = /usr/local/OpenSourceVersions/;
			dstSubfolderSpec = 0;
			files = (
				F749ED7F0B6EC85B00589706 /* OpenAL.plist in Copy Plist */,
			);
			name = "Copy Plist";
			runOnlyForDeploymentPostprocessing = 1;
		};
		F749ED7C0B6EC84D00589706 /* Copy License */ = {
			isa = PBXCopyFilesBuildPhase;
			buildActionMask = 8;
			dstPath = /usr/local/OpenSourceLicenses;
			dstSubfolderSpec = 0;
			files = (
				F749ED830B6ECB3200589706 /* OpenAL.txt in Copy License */,
			);
			name = "Copy License";
			runOnlyForDeploymentPostprocessing = 1;
		};
/* End PBXCopyFilesBuildPhase section */

/* Begin PBXFileReference section */
		1A2CD0981D411E2800F10449 /* oalCaptureMixer.cpp */ = {isa = PBXFileReference; fileEncoding = 4; lastKnownFileType = sourcecode.cpp.cpp; path = oalCaptureMixer.cpp; sourceTree = "<group>"; };
		1A2CD0991D411E2800F10449 /* oalCaptureMixer.h */ = {isa = PBXFileReference; fileEncoding = 4; lastKnownFileType = sourcecode.c.h; path = oalCaptureMixer.h; sourceTree = "<group>"; };
		1A2CD09A1D411E2800F10449 /* oalRingBuffer.cpp */ = {isa = PBXFileReference; fileEncoding = 4; lastKnownFileType = sourcecode.cpp.cpp; path = oalRingBuffer.cpp; sourceTree = "<group>"; };
		1A2CD09B1D411E2800F10449 /* oalRingBuffer.h */ = {isa = PBXFileReference; fileEncoding = 4; lastKnownFileType = sourcecode.c.h; path = oalRingBuffer.h; sourceTree = "<group>"; };
		1ACAA32E1D5B359B006FBB96 /* AUBase.cpp */ = {isa = PBXFileReference; fileEncoding = 4; lastKnownFileType = sourcecode.cpp.cpp; path = AUBase.cpp; sourceTree = "<group>"; };
		1ACAA32F1D5B359B006FBB96 /* AUBase.h */ = {isa = PBXFileReference; fileEncoding = 4; lastKnownFileType = sourcecode.c.h; path = AUBase.h; sourceTree = "<group>"; };
		1ACAA36E1D5B359B006FBB96 /* AUOutputBL.h */ = {isa = PBXFileReference; fileEncoding = 4; lastKnownFileType = sourcecode.c.h; path = AUOutputBL.h; sourceTree = "<group>"; };
		1ACAA3701D5B359B006FBB96 /* AUParamInfo.h */ = {isa = PBXFileReference; fileEncoding = 4; lastKnownFileType = sourcecode.c.h; path = AUParamInfo.h; sourceTree = "<group>"; };
		1ACAA3711D5B359B006FBB96 /* CAAtomic.h */ = {isa = PBXFileReference; fileEncoding = 4; lastKnownFileType = sourcecode.c.h; path = CAAtomic.h; sourceTree = "<group>"; };
		1ACAA3721D5B359B006FBB96 /* CAAtomicStack.h */ = {isa = PBXFileReference; fileEncoding = 4; lastKnownFileType = sourcecode.c.h; path = CAAtomicStack.h; sourceTree = "<group>"; };
		1ACAA3741D5B359B006FBB96 /* CAAudioBufferList.h */ = {isa = PBXFileReference; fileEncoding = 4; lastKnownFileType = sourcecode.c.h; path = CAAudioBufferList.h; sourceTree = "<group>"; };
		1ACAA3761D5B359B006FBB96 /* CAAudioChannelLayout.h */ = {isa = PBXFileReference; fileEncoding = 4; lastKnownFileType = sourcecode.c.h; path = CAAudioChannelLayout.h; sourceTree = "<group>"; };
		1ACAA3791D5B359B006FBB96 /* CAAudioFileFormats.h */ = {isa = PBXFileReference; fileEncoding = 4; lastKnownFileType = sourcecode.c.h; path = CAAudioFileFormats.h; sourceTree = "<group>"; };
		1ACAA37B1D5B359B006FBB96 /* CAAudioTimeStamp.h */ = {isa = PBXFileReference; fileEncoding = 4; lastKnownFileType = sourcecode.c.h; path = CAAudioTimeStamp.h; sourceTree = "<group>"; };
		1ACAA37D1D5B359B006FBB96 /* CAAudioUnit.h */ = {isa = PBXFileReference; fileEncoding = 4; lastKnownFileType = sourcecode.c.h; path = CAAudioUnit.h; sourceTree = "<group>"; };
		1ACAA37E1D5B359B006FBB96 /* CAAudioUnitOutputCapturer.h */ = {isa = PBXFileReference; fileEncoding = 4; lastKnownFileType = sourcecode.c.h; path = CAAudioUnitOutputCapturer.h; sourceTree = "<group>"; };
		1ACAA3801D5B359B006FBB96 /* CAAudioValueRange.h */ = {isa = PBXFileReference; fileEncoding = 4; lastKnownFileType = sourcecode.c.h; path = CAAudioValueRange.h; sourceTree = "<group>"; };
		1ACAA3821D5B359B006FBB96 /* CAAUMIDIMap.h */ = {isa = PBXFileReference; fileEncoding = 4; lastKnownFileType = sourcecode.c.h; path = CAAUMIDIMap.h; sourceTree = "<group>"; };
		1ACAA3841D5B359B006FBB96 /* CAAUMIDIMapManager.h */ = {isa = PBXFileReference; fileEncoding = 4; lastKnownFileType = sourcecode.c.h; path = CAAUMIDIMapManager.h; sourceTree = "<group>"; };
		1ACAA3861D5B359B006FBB96 /* CAAUParameter.h */ = {isa = PBXFileReference; fileEncoding = 4; lastKnownFileType = sourcecode.c.h; path = CAAUParameter.h; sourceTree = "<group>"; };
		1ACAA3881D5B359B006FBB96 /* CAAUProcessor.h */ = {isa = PBXFileReference; fileEncoding = 4; lastKnownFileType = sourcecode.c.h; path = CAAUProcessor.h; sourceTree = "<group>"; };
		1ACAA3891D5B359B006FBB96 /* CAAutoDisposer.h */ = {isa = PBXFileReference; fileEncoding = 4; lastKnownFileType = sourcecode.c.h; path = CAAutoDisposer.h; sourceTree = "<group>"; };
		1ACAA38A1D5B359B006FBB96 /* CABitOperations.h */ = {isa = PBXFileReference; fileEncoding = 4; lastKnownFileType = sourcecode.c.h; path = CABitOperations.h; sourceTree = "<group>"; };
		1ACAA38B1D5B359B006FBB96 /* CABool.h */ = {isa = PBXFileReference; fileEncoding = 4; lastKnownFileType = sourcecode.c.h; path = CABool.h; sourceTree = "<group>"; };
		1ACAA38D1D5B359B006FBB96 /* CABufferList.h */ = {isa = PBXFileReference; fileEncoding = 4; lastKnownFileType = sourcecode.c.h; path = CABufferList.h; sourceTree = "<group>"; };
		1ACAA38F1D5B359B006FBB96 /* CABundleLocker.h */ = {isa = PBXFileReference; fileEncoding = 4; lastKnownFileType = sourcecode.c.h; path = CABundleLocker.h; sourceTree = "<group>"; };
		1ACAA3901D5B359B006FBB96 /* CAByteOrder.h */ = {isa = PBXFileReference; fileEncoding = 4; lastKnownFileType = sourcecode.c.h; path = CAByteOrder.h; sourceTree = "<group>"; };
		1ACAA3921D5B359B006FBB96 /* CACFArray.h */ = {isa = PBXFileReference; fileEncoding = 4; lastKnownFileType = sourcecode.c.h; path = CACFArray.h; sourceTree = "<group>"; };
		1ACAA3931D5B359B006FBB96 /* CACFData.h */ = {isa = PBXFileReference; fileEncoding = 4; lastKnownFileType = sourcecode.c.h; path = CACFData.h; sourceTree = "<group>"; };
		1ACAA3951D5B359B006FBB96 /* CACFDictionary.h */ = {isa = PBXFileReference; fileEncoding = 4; lastKnownFileType = sourcecode.c.h; path = CACFDictionary.h; sourceTree = "<group>"; };
		1ACAA3971D5B359B006FBB96 /* CACFDistributedNotification.h */ = {isa = PBXFileReference; fileEncoding = 4; lastKnownFileType = sourcecode.c.h; path = CACFDistributedNotification.h; sourceTree = "<group>"; };
		1ACAA3991D5B359B006FBB96 /* CACFMachPort.h */ = {isa = PBXFileReference; fileEncoding = 4; lastKnownFileType = sourcecode.c.h; path = CACFMachPort.h; sourceTree = "<group>"; };
		1ACAA39B1D5B359B006FBB96 /* CACFMessagePort.h */ = {isa = PBXFileReference; fileEncoding = 4; lastKnownFileType = sourcecode.c.h; path = CACFMessagePort.h; sourceTree = "<group>"; };
		1ACAA39D1D5B359B006FBB96 /* CACFNumber.h */ = {isa = PBXFileReference; fileEncoding = 4; lastKnownFileType = sourcecode.c.h; path = CACFNumber.h; sourceTree = "<group>"; };
		1ACAA39E1D5B359B006FBB96 /* CACFObject.h */ = {isa = PBXFileReference; fileEncoding = 4; lastKnownFileType = sourcecode.c.h; path = CACFObject.h; sourceTree = "<group>"; };
		1ACAA39F1D5B359B006FBB96 /* CACFPlugIn.h */ = {isa = PBXFileReference; fileEncoding = 4; lastKnownFileType = sourcecode.c.h; path = CACFPlugIn.h; sourceTree = "<group>"; };
		1ACAA3A11D5B359B006FBB96 /* CACFPreferences.h */ = {isa = PBXFileReference; fileEncoding = 4; lastKnownFileType = sourcecode.c.h; path = CACFPreferences.h; sourceTree = "<group>"; };
		1ACAA3A31D5B359B006FBB96 /* CACFString.h */ = {isa = PBXFileReference; fileEncoding = 4; lastKnownFileType = sourcecode.c.h; path = CACFString.h; sourceTree = "<group>"; };
		1ACAA3A51D5B359B006FBB96 /* CAComponent.h */ = {isa = PBXFileReference; fileEncoding = 4; lastKnownFileType = sourcecode.c.h; path = CAComponent.h; sourceTree = "<group>"; };
		1ACAA3A71D5B359B006FBB96 /* CAComponentDescription.h */ = {isa = PBXFileReference; fileEncoding = 4; lastKnownFileType = sourcecode.c.h; path = CAComponentDescription.h; sourceTree = "<group>"; };
		1ACAA3A91D5B359B006FBB96 /* CADebugger.h */ = {isa = PBXFileReference; fileEncoding = 4; lastKnownFileType = sourcecode.c.h; path = CADebugger.h; sourceTree = "<group>"; };
		1ACAA3AB1D5B359B006FBB96 /* CADebugMacros.h */ = {isa = PBXFileReference; fileEncoding = 4; lastKnownFileType = sourcecode.c.h; path = CADebugMacros.h; sourceTree = "<group>"; };
		1ACAA3AD1D5B359B006FBB96 /* CADebugPrintf.h */ = {isa = PBXFileReference; fileEncoding = 4; lastKnownFileType = sourcecode.c.h; path = CADebugPrintf.h; sourceTree = "<group>"; };
		1ACAA3AE1D5B359B006FBB96 /* CAException.h */ = {isa = PBXFileReference; fileEncoding = 4; lastKnownFileType = sourcecode.c.h; path = CAException.h; sourceTree = "<group>"; };
		1ACAA3AF1D5B359B006FBB96 /* CAExtAudioFile.h */ = {isa = PBXFileReference; fileEncoding = 4; lastKnownFileType = sourcecode.c.h; path = CAExtAudioFile.h; sourceTree = "<group>"; };
		1ACAA3B11D5B359B006FBB96 /* CAFilePathUtils.h */ = {isa = PBXFileReference; fileEncoding = 4; lastKnownFileType = sourcecode.c.h; path = CAFilePathUtils.h; sourceTree = "<group>"; };
		1ACAA3B31D5B359B006FBB96 /* CAGuard.h */ = {isa = PBXFileReference; fileEncoding = 4; lastKnownFileType = sourcecode.c.h; path = CAGuard.h; sourceTree = "<group>"; };
		1ACAA3B51D5B359B006FBB96 /* CAHALAudioDevice.h */ = {isa = PBXFileReference; fileEncoding = 4; lastKnownFileType = sourcecode.c.h; path = CAHALAudioDevice.h; sourceTree = "<group>"; };
		1ACAA3B71D5B359B006FBB96 /* CAHALAudioObject.h */ = {isa = PBXFileReference; fileEncoding = 4; lastKnownFileType = sourcecode.c.h; path = CAHALAudioObject.h; sourceTree = "<group>"; };
		1ACAA3B91D5B359B006FBB96 /* CAHALAudioStream.h */ = {isa = PBXFileReference; fileEncoding = 4; lastKnownFileType = sourcecode.c.h; path = CAHALAudioStream.h; sourceTree = "<group>"; };
		1ACAA3BB1D5B359B006FBB96 /* CAHALAudioSystemObject.h */ = {isa = PBXFileReference; fileEncoding = 4; lastKnownFileType = sourcecode.c.h; path = CAHALAudioSystemObject.h; sourceTree = "<group>"; };
		1ACAA3BD1D5B359B006FBB96 /* CAHostTimeBase.h */ = {isa = PBXFileReference; fileEncoding = 4; lastKnownFileType = sourcecode.c.h; path = CAHostTimeBase.h; sourceTree = "<group>"; };
		1ACAA3BE1D5B359B006FBB96 /* CALogMacros.h */ = {isa = PBXFileReference; fileEncoding = 4; lastKnownFileType = sourcecode.c.h; path = CALogMacros.h; sourceTree = "<group>"; };
		1ACAA3BF1D5B359B006FBB96 /* CAMath.h */ = {isa = PBXFileReference; fileEncoding = 4; lastKnownFileType = sourcecode.c.h; path = CAMath.h; sourceTree = "<group>"; };
		1ACAA3C01D5B359B006FBB96 /* CAMixMap.h */ = {isa = PBXFileReference; fileEncoding = 4; lastKnownFileType = sourcecode.c.h; path = CAMixMap.h; sourceTree = "<group>"; };
		1ACAA3C21D5B359B006FBB96 /* CAMutex.h */ = {isa = PBXFileReference; fileEncoding = 4; lastKnownFileType = sourcecode.c.h; path = CAMutex.h; sourceTree = "<group>"; };
		1ACAA3C51D5B359B006FBB96 /* CAProcess.h */ = {isa = PBXFileReference; fileEncoding = 4; lastKnownFileType = sourcecode.c.h; path = CAProcess.h; sourceTree = "<group>"; };
		1ACAA3C61D5B359B006FBB96 /* CAPropertyAddress.h */ = {isa = PBXFileReference; fileEncoding = 4; lastKnownFileType = sourcecode.c.h; path = CAPropertyAddress.h; sourceTree = "<group>"; };
		1ACAA3C81D5B359B006FBB96 /* CAPThread.h */ = {isa = PBXFileReference; fileEncoding = 4; lastKnownFileType = sourcecode.c.h; path = CAPThread.h; sourceTree = "<group>"; };
		1ACAA3C91D5B359B006FBB96 /* CAReferenceCounted.h */ = {isa = PBXFileReference; fileEncoding = 4; lastKnownFileType = sourcecode.c.h; path = CAReferenceCounted.h; sourceTree = "<group>"; };
		1ACAA3CB1D5B359B006FBB96 /* CARingBuffer.h */ = {isa = PBXFileReference; fileEncoding = 4; lastKnownFileType = sourcecode.c.h; path = CARingBuffer.h; sourceTree = "<group>"; };
		1ACAA3CD1D5B359B006FBB96 /* CASettingsStorage.h */ = {isa = PBXFileReference; fileEncoding = 4; lastKnownFileType = sourcecode.c.h; path = CASettingsStorage.h; sourceTree = "<group>"; };
		1ACAA3CF1D5B359B006FBB96 /* CASharedLibrary.h */ = {isa = PBXFileReference; fileEncoding = 4; lastKnownFileType = sourcecode.c.h; path = CASharedLibrary.h; sourceTree = "<group>"; };
		1ACAA3D11D5B359B006FBB96 /* CASpectralProcessor.h */ = {isa = PBXFileReference; fileEncoding = 4; lastKnownFileType = sourcecode.c.h; path = CASpectralProcessor.h; sourceTree = "<group>"; };
		1ACAA3D31D5B359B006FBB96 /* CAStreamBasicDescription.h */ = {isa = PBXFileReference; fileEncoding = 4; lastKnownFileType = sourcecode.c.h; path = CAStreamBasicDescription.h; sourceTree = "<group>"; };
		1ACAA3D51D5B359B006FBB96 /* CAStreamRangedDescription.h */ = {isa = PBXFileReference; fileEncoding = 4; lastKnownFileType = sourcecode.c.h; path = CAStreamRangedDescription.h; sourceTree = "<group>"; };
		1ACAA3D61D5B359B006FBB96 /* CAThreadSafeList.h */ = {isa = PBXFileReference; fileEncoding = 4; lastKnownFileType = sourcecode.c.h; path = CAThreadSafeList.h; sourceTree = "<group>"; };
		1ACAA3D71D5B359B006FBB96 /* CATink.h */ = {isa = PBXFileReference; fileEncoding = 4; lastKnownFileType = sourcecode.c.h; path = CATink.h; sourceTree = "<group>"; };
		1ACAA3D81D5B359B006FBB96 /* CATokenMap.h */ = {isa = PBXFileReference; fileEncoding = 4; lastKnownFileType = sourcecode.c.h; path = CATokenMap.h; sourceTree = "<group>"; };
		1ACAA3DA1D5B359B006FBB96 /* CAVectorUnit.h */ = {isa = PBXFileReference; fileEncoding = 4; lastKnownFileType = sourcecode.c.h; path = CAVectorUnit.h; sourceTree = "<group>"; };
		1ACAA3DB1D5B359B006FBB96 /* CAVectorUnitTypes.h */ = {isa = PBXFileReference; fileEncoding = 4; lastKnownFileType = sourcecode.c.h; path = CAVectorUnitTypes.h; sourceTree = "<group>"; };
		1ACAA3DD1D5B359B006FBB96 /* CAVolumeCurve.h */ = {isa = PBXFileReference; fileEncoding = 4; lastKnownFileType = sourcecode.c.h; path = CAVolumeCurve.h; sourceTree = "<group>"; };
		1ACAA3DF1D5B359B006FBB96 /* CAXException.h */ = {isa = PBXFileReference; fileEncoding = 4; lastKnownFileType = sourcecode.c.h; path = CAXException.h; sourceTree = "<group>"; };
		1ACAA3E11D5B359B006FBB96 /* MatrixMixerVolumes.h */ = {isa = PBXFileReference; fileEncoding = 4; lastKnownFileType = sourcecode.c.h; path = MatrixMixerVolumes.h; sourceTree = "<group>"; };
		1ACAA5891D5B3694006FBB96 /* AUBaseHelper.cpp */ = {isa = PBXFileReference; fileEncoding = 4; lastKnownFileType = sourcecode.cpp.cpp; path = AUBaseHelper.cpp; sourceTree = "<group>"; };
		1ACAA58A1D5B3694006FBB96 /* AUBaseHelper.h */ = {isa = PBXFileReference; fileEncoding = 4; lastKnownFileType = sourcecode.c.h; path = AUBaseHelper.h; sourceTree = "<group>"; };
		1ACAA58B1D5B3694006FBB96 /* AUBuffer.cpp */ = {isa = PBXFileReference; fileEncoding = 4; lastKnownFileType = sourcecode.cpp.cpp; path = AUBuffer.cpp; sourceTree = "<group>"; };
		1ACAA58C1D5B3694006FBB96 /* AUBuffer.h */ = {isa = PBXFileReference; fileEncoding = 4; lastKnownFileType = sourcecode.c.h; path = AUBuffer.h; sourceTree = "<group>"; };
		1ACAA58D1D5B3694006FBB96 /* AUInputFormatConverter.h */ = {isa = PBXFileReference; fileEncoding = 4; lastKnownFileType = sourcecode.c.h; path = AUInputFormatConverter.h; sourceTree = "<group>"; };
		1ACAA58E1D5B3694006FBB96 /* AUMIDIDefs.h */ = {isa = PBXFileReference; fileEncoding = 4; lastKnownFileType = sourcecode.c.h; path = AUMIDIDefs.h; sourceTree = "<group>"; };
		1ACAA58F1D5B3694006FBB96 /* AUSilentTimeout.h */ = {isa = PBXFileReference; fileEncoding = 4; lastKnownFileType = sourcecode.c.h; path = AUSilentTimeout.h; sourceTree = "<group>"; };
		1ACAA5901D5B3694006FBB96 /* AUTimestampGenerator.cpp */ = {isa = PBXFileReference; fileEncoding = 4; lastKnownFileType = sourcecode.cpp.cpp; path = AUTimestampGenerator.cpp; sourceTree = "<group>"; };
		1ACAA5911D5B3694006FBB96 /* AUTimestampGenerator.h */ = {isa = PBXFileReference; fileEncoding = 4; lastKnownFileType = sourcecode.c.h; path = AUTimestampGenerator.h; sourceTree = "<group>"; };
		1ACAA5A41D5B36D5006FBB96 /* AUDispatch.cpp */ = {isa = PBXFileReference; fileEncoding = 4; lastKnownFileType = sourcecode.cpp.cpp; path = AUDispatch.cpp; sourceTree = "<group>"; };
		1ACAA5A51D5B36D5006FBB96 /* AUDispatch.h */ = {isa = PBXFileReference; fileEncoding = 4; lastKnownFileType = sourcecode.c.h; path = AUDispatch.h; sourceTree = "<group>"; };
		1ACAA5AA1D5B36E7006FBB96 /* AUScopeElement.cpp */ = {isa = PBXFileReference; fileEncoding = 4; lastKnownFileType = sourcecode.cpp.cpp; path = AUScopeElement.cpp; sourceTree = "<group>"; };
		1ACAA5AB1D5B36E7006FBB96 /* AUScopeElement.h */ = {isa = PBXFileReference; fileEncoding = 4; lastKnownFileType = sourcecode.c.h; path = AUScopeElement.h; sourceTree = "<group>"; };
		1ACAA5AC1D5B36E7006FBB96 /* ComponentBase.cpp */ = {isa = PBXFileReference; fileEncoding = 4; lastKnownFileType = sourcecode.cpp.cpp; path = ComponentBase.cpp; sourceTree = "<group>"; };
		1ACAA5AD1D5B36E7006FBB96 /* ComponentBase.h */ = {isa = PBXFileReference; fileEncoding = 4; lastKnownFileType = sourcecode.c.h; path = ComponentBase.h; sourceTree = "<group>"; };
		1ACAA5B61D5B36F9006FBB96 /* AUInputElement.cpp */ = {isa = PBXFileReference; fileEncoding = 4; lastKnownFileType = sourcecode.cpp.cpp; path = AUInputElement.cpp; sourceTree = "<group>"; };
		1ACAA5B71D5B36F9006FBB96 /* AUInputElement.h */ = {isa = PBXFileReference; fileEncoding = 4; lastKnownFileType = sourcecode.c.h; path = AUInputElement.h; sourceTree = "<group>"; };
		1ACAA5B81D5B36F9006FBB96 /* AUOutputElement.cpp */ = {isa = PBXFileReference; fileEncoding = 4; lastKnownFileType = sourcecode.cpp.cpp; path = AUOutputElement.cpp; sourceTree = "<group>"; };
		1ACAA5B91D5B36F9006FBB96 /* AUOutputElement.h */ = {isa = PBXFileReference; fileEncoding = 4; lastKnownFileType = sourcecode.c.h; path = AUOutputElement.h; sourceTree = "<group>"; };
		1ACAA5C21D5B37C8006FBB96 /* CAAudioBufferList.cpp */ = {isa = PBXFileReference; fileEncoding = 4; lastKnownFileType = sourcecode.cpp.cpp; path = CAAudioBufferList.cpp; sourceTree = "<group>"; };
		1ACAA5C31D5B37C9006FBB96 /* CAGuard.cpp */ = {isa = PBXFileReference; fileEncoding = 4; lastKnownFileType = sourcecode.cpp.cpp; path = CAGuard.cpp; sourceTree = "<group>"; };
		1ACAA5C41D5B37C9006FBB96 /* CAHostTimeBase.cpp */ = {isa = PBXFileReference; fileEncoding = 4; lastKnownFileType = sourcecode.cpp.cpp; path = CAHostTimeBase.cpp; sourceTree = "<group>"; };
		1ACAA5C51D5B37C9006FBB96 /* CAMutex.cpp */ = {isa = PBXFileReference; fileEncoding = 4; lastKnownFileType = sourcecode.cpp.cpp; path = CAMutex.cpp; sourceTree = "<group>"; };
		1ACAA5C61D5B37C9006FBB96 /* CARingBuffer.cpp */ = {isa = PBXFileReference; fileEncoding = 4; lastKnownFileType = sourcecode.cpp.cpp; path = CARingBuffer.cpp; sourceTree = "<group>"; };
		1ACAA5D11D5B37E2006FBB96 /* CAVectorUnit.cpp */ = {isa = PBXFileReference; fileEncoding = 4; lastKnownFileType = sourcecode.cpp.cpp; path = CAVectorUnit.cpp; sourceTree = "<group>"; };
		1ACAA5D71D5B3814006FBB96 /* CAStreamBasicDescription.cpp */ = {isa = PBXFileReference; fileEncoding = 4; lastKnownFileType = sourcecode.cpp.cpp; path = CAStreamBasicDescription.cpp; sourceTree = "<group>"; };
		1ACAA5DA1D5B382F006FBB96 /* CAAudioChannelLayout.cpp */ = {isa = PBXFileReference; fileEncoding = 4; lastKnownFileType = sourcecode.cpp.cpp; path = CAAudioChannelLayout.cpp; sourceTree = "<group>"; };
		1ACAA5DD1D5B383B006FBB96 /* CABufferList.cpp */ = {isa = PBXFileReference; fileEncoding = 4; lastKnownFileType = sourcecode.cpp.cpp; path = CABufferList.cpp; sourceTree = "<group>"; };
		8A0561E40546034200A003E7 /* oalOSX.h */ = {isa = PBXFileReference; fileEncoding = 4; lastKnownFileType = sourcecode.c.h; path = oalOSX.h; sourceTree = "<group>"; };
		8A0561E50546034200A003E7 /* oalOSX.cpp */ = {isa = PBXFileReference; fileEncoding = 4; lastKnownFileType = sourcecode.cpp.cpp; path = oalOSX.cpp; sourceTree = "<group>"; };
		8A39B0B20533393F006B1D0F /* oalDevice.h */ = {isa = PBXFileReference; fileEncoding = 4; lastKnownFileType = sourcecode.c.h; path = oalDevice.h; sourceTree = "<group>"; };
		8A39B0B30533393F006B1D0F /* oalDevice.cpp */ = {isa = PBXFileReference; fileEncoding = 4; lastKnownFileType = sourcecode.cpp.cpp; path = oalDevice.cpp; sourceTree = "<group>"; };
		8A482665053C8B290040E37D /* CoreFoundation.framework */ = {isa = PBXFileReference; lastKnownFileType = wrapper.framework; name = CoreFoundation.framework; path = /System/Library/Frameworks/CoreFoundation.framework; sourceTree = "<absolute>"; };
		8A482667053C8B3F0040E37D /* AudioToolbox.framework */ = {isa = PBXFileReference; lastKnownFileType = wrapper.framework; name = AudioToolbox.framework; path = /System/Library/Frameworks/AudioToolbox.framework; sourceTree = "<absolute>"; };
		8A482668053C8B3F0040E37D /* AudioUnit.framework */ = {isa = PBXFileReference; lastKnownFileType = wrapper.framework; name = AudioUnit.framework; path = /System/Library/Frameworks/AudioUnit.framework; sourceTree = "<absolute>"; };
		8A5E140408EB104300AFA934 /* oalCaptureDevice.h */ = {isa = PBXFileReference; fileEncoding = 4; lastKnownFileType = sourcecode.c.h; path = oalCaptureDevice.h; sourceTree = "<group>"; };
		8A5E140508EB104300AFA934 /* oalCaptureDevice.cpp */ = {isa = PBXFileReference; fileEncoding = 4; lastKnownFileType = sourcecode.cpp.cpp; path = oalCaptureDevice.cpp; sourceTree = "<group>"; };
		8A681A8C0736ACD900730BF4 /* OpenAL.exp */ = {isa = PBXFileReference; fileEncoding = 4; lastKnownFileType = sourcecode.exports; path = OpenAL.exp; sourceTree = "<group>"; };
		8A7EE4550A02DD3900D94919 /* MacOSX_OALExtensions.h */ = {isa = PBXFileReference; fileEncoding = 30; lastKnownFileType = sourcecode.c.h; name = MacOSX_OALExtensions.h; path = Source/OpenAL/MacOSX_OALExtensions.h; sourceTree = SOURCE_ROOT; };
		8A87DABF08B1099D00178F66 /* oalSource.cpp */ = {isa = PBXFileReference; fileEncoding = 30; lastKnownFileType = sourcecode.cpp.cpp; path = oalSource.cpp; sourceTree = "<group>"; };
		8A8C7E59058A3C5800C746A3 /* CoreServices.framework */ = {isa = PBXFileReference; lastKnownFileType = wrapper.framework; name = CoreServices.framework; path = /System/Library/Frameworks/CoreServices.framework; sourceTree = "<absolute>"; };
		8A986533053763B9003F7FA0 /* oalImp.h */ = {isa = PBXFileReference; fileEncoding = 4; lastKnownFileType = sourcecode.c.h; path = oalImp.h; sourceTree = "<group>"; };
		8A986534053763B9003F7FA0 /* oalImp.cpp */ = {isa = PBXFileReference; fileEncoding = 4; lastKnownFileType = sourcecode.cpp.cpp; path = oalImp.cpp; sourceTree = "<group>"; };
		8AB7B22C053B3AA700A9757A /* oalContext.h */ = {isa = PBXFileReference; fileEncoding = 4; lastKnownFileType = sourcecode.c.h; path = oalContext.h; sourceTree = "<group>"; };
		8AB7B22D053B3AA700A9757A /* oalContext.cpp */ = {isa = PBXFileReference; fileEncoding = 4; lastKnownFileType = sourcecode.cpp.cpp; path = oalContext.cpp; sourceTree = "<group>"; };
		8AB7B230053B3AB500A9757A /* oalSource.h */ = {isa = PBXFileReference; fileEncoding = 4; lastKnownFileType = sourcecode.c.h; path = oalSource.h; sourceTree = "<group>"; };
		8AB7B234053B3AC100A9757A /* oalBuffer.h */ = {isa = PBXFileReference; fileEncoding = 4; lastKnownFileType = sourcecode.c.h; path = oalBuffer.h; sourceTree = "<group>"; };
		8AC6BDFE09B39D9400242AEF /* openal.dylib */ = {isa = PBXFileReference; explicitFileType = "compiled.mach-o.dylib"; includeInIndex = 0; path = openal.dylib; sourceTree = BUILT_PRODUCTS_DIR; };
		8ACAAC9406528BF300E2D337 /* OpenAL.framework */ = {isa = PBXFileReference; explicitFileType = wrapper.framework; includeInIndex = 0; path = OpenAL.framework; sourceTree = BUILT_PRODUCTS_DIR; };
		8AF8503708D2513B004B64E7 /* oalBuffer.cpp */ = {isa = PBXFileReference; fileEncoding = 4; lastKnownFileType = sourcecode.cpp.cpp; path = oalBuffer.cpp; sourceTree = "<group>"; };
		981B79AD0523A4A500940F97 /* CoreAudio.framework */ = {isa = PBXFileReference; lastKnownFileType = wrapper.framework; name = CoreAudio.framework; path = /System/Library/Frameworks/CoreAudio.framework; sourceTree = "<absolute>"; };
		984FDEC20433F5A20042B474 /* al.h */ = {isa = PBXFileReference; fileEncoding = 30; lastKnownFileType = sourcecode.c.h; path = al.h; sourceTree = "<group>"; };
		984FDEC30433F5A20042B474 /* alc.h */ = {isa = PBXFileReference; fileEncoding = 30; lastKnownFileType = sourcecode.c.h; path = alc.h; sourceTree = "<group>"; };
		984FDEC60433F5A20042B474 /* alut.h */ = {isa = PBXFileReference; fileEncoding = 30; lastKnownFileType = sourcecode.c.h; path = alut.h; sourceTree = "<group>"; };
		F749ED7D0B6EC85700589706 /* OpenAL.plist */ = {isa = PBXFileReference; fileEncoding = 30; lastKnownFileType = text.plist.xml; name = OpenAL.plist; path = Source/OpenAL/OpenAL.plist; sourceTree = "<group>"; };
		F749ED810B6ECB2A00589706 /* OpenAL.txt */ = {isa = PBXFileReference; fileEncoding = 30; lastKnownFileType = text; name = OpenAL.txt; path = Source/OpenAL/OpenAL.txt; sourceTree = "<group>"; };
/* End PBXFileReference section */

/* Begin PBXFrameworksBuildPhase section */
		8AC6BDF009B39D9400242AEF /* Frameworks */ = {
			isa = PBXFrameworksBuildPhase;
			buildActionMask = 2147483647;
			files = (
				8AC6BDF209B39D9400242AEF /* CoreAudio.framework in Frameworks */,
				8AC6BDF309B39D9400242AEF /* CoreFoundation.framework in Frameworks */,
				8AC6BDF409B39D9400242AEF /* AudioToolbox.framework in Frameworks */,
				8AC6BDF509B39D9400242AEF /* AudioUnit.framework in Frameworks */,
				8AC6BDF609B39D9400242AEF /* CoreServices.framework in Frameworks */,
			);
			runOnlyForDeploymentPostprocessing = 0;
		};
		8ACAAC8A06528BF200E2D337 /* Frameworks */ = {
			isa = PBXFrameworksBuildPhase;
			buildActionMask = 2147483647;
			files = (
				8ACAAC8B06528BF200E2D337 /* CoreAudio.framework in Frameworks */,
				8ACAAC8D06528BF200E2D337 /* CoreFoundation.framework in Frameworks */,
				8ACAAC8E06528BF200E2D337 /* AudioToolbox.framework in Frameworks */,
				8ACAAC8F06528BF200E2D337 /* AudioUnit.framework in Frameworks */,
				8ACAAC9006528BF200E2D337 /* CoreServices.framework in Frameworks */,
			);
			runOnlyForDeploymentPostprocessing = 0;
		};
/* End PBXFrameworksBuildPhase section */

/* Begin PBXGroup section */
		034768DDFF38A45A11DB9C8B /* Products */ = {
			isa = PBXGroup;
			children = (
				8ACAAC9406528BF300E2D337 /* OpenAL.framework */,
				8AC6BDFE09B39D9400242AEF /* openal.dylib */,
			);
			name = Products;
			sourceTree = "<group>";
		};
		0867D691FE84028FC02AAC07 /* al_osx */ = {
			isa = PBXGroup;
			children = (
				1ACAA30F1D5B359B006FBB96 /* CoreAudio */,
				0867D69AFE84028FC02AAC07 /* External Frameworks and Libraries */,
				08FB77ACFE841707C02AAC07 /* OpenAL */,
				F749ED7D0B6EC85700589706 /* OpenAL.plist */,
				F749ED810B6ECB2A00589706 /* OpenAL.txt */,
				034768DDFF38A45A11DB9C8B /* Products */,
			);
			name = al_osx;
			sourceTree = "<group>";
		};
		0867D69AFE84028FC02AAC07 /* External Frameworks and Libraries */ = {
			isa = PBXGroup;
			children = (
				8A482668053C8B3F0040E37D /* AudioUnit.framework */,
				8A482667053C8B3F0040E37D /* AudioToolbox.framework */,
				981B79AD0523A4A500940F97 /* CoreAudio.framework */,
				8A482665053C8B290040E37D /* CoreFoundation.framework */,
				8A8C7E59058A3C5800C746A3 /* CoreServices.framework */,
			);
			name = "External Frameworks and Libraries";
			sourceTree = "<group>";
		};
		08FB77ACFE841707C02AAC07 /* OpenAL */ = {
			isa = PBXGroup;
			children = (
				989FD9DC0444FB92005F25BE /* al */,
				8AF8503708D2513B004B64E7 /* oalBuffer.cpp */,
				8AB7B234053B3AC100A9757A /* oalBuffer.h */,
				8A5E140508EB104300AFA934 /* oalCaptureDevice.cpp */,
				8A5E140408EB104300AFA934 /* oalCaptureDevice.h */,
				1A2CD0981D411E2800F10449 /* oalCaptureMixer.cpp */,
				1A2CD0991D411E2800F10449 /* oalCaptureMixer.h */,
				8AB7B22D053B3AA700A9757A /* oalContext.cpp */,
				8AB7B22C053B3AA700A9757A /* oalContext.h */,
				8A39B0B30533393F006B1D0F /* oalDevice.cpp */,
				8A39B0B20533393F006B1D0F /* oalDevice.h */,
				8A986534053763B9003F7FA0 /* oalImp.cpp */,
				8A986533053763B9003F7FA0 /* oalImp.h */,
				8A0561E50546034200A003E7 /* oalOSX.cpp */,
				8A0561E40546034200A003E7 /* oalOSX.h */,
				1A2CD09A1D411E2800F10449 /* oalRingBuffer.cpp */,
				1A2CD09B1D411E2800F10449 /* oalRingBuffer.h */,
				8A87DABF08B1099D00178F66 /* oalSource.cpp */,
				8AB7B230053B3AB500A9757A /* oalSource.h */,
				8A681A8C0736ACD900730BF4 /* OpenAL.exp */,
			);
			name = OpenAL;
			path = Source/OpenAL;
			sourceTree = "<group>";
		};
		1ACAA30F1D5B359B006FBB96 /* CoreAudio */ = {
			isa = PBXGroup;
			children = (
				1ACAA32B1D5B359B006FBB96 /* AudioUnits */,
				1ACAA36C1D5B359B006FBB96 /* PublicUtility */,
			);
			path = CoreAudio;
			sourceTree = "<group>";
		};
		1ACAA32B1D5B359B006FBB96 /* AudioUnits */ = {
			isa = PBXGroup;
			children = (
				1ACAA32C1D5B359B006FBB96 /* AUPublic */,
			);
			path = AudioUnits;
			sourceTree = "<group>";
		};
		1ACAA32C1D5B359B006FBB96 /* AUPublic */ = {
			isa = PBXGroup;
			children = (
				1ACAA5881D5B3694006FBB96 /* Utility */,
				1ACAA32D1D5B359B006FBB96 /* AUBase */,
			);
			path = AUPublic;
			sourceTree = "<group>";
		};
		1ACAA32D1D5B359B006FBB96 /* AUBase */ = {
			isa = PBXGroup;
			children = (
				1ACAA5B61D5B36F9006FBB96 /* AUInputElement.cpp */,
				1ACAA5B71D5B36F9006FBB96 /* AUInputElement.h */,
				1ACAA5B81D5B36F9006FBB96 /* AUOutputElement.cpp */,
				1ACAA5B91D5B36F9006FBB96 /* AUOutputElement.h */,
				1ACAA5AA1D5B36E7006FBB96 /* AUScopeElement.cpp */,
				1ACAA5AB1D5B36E7006FBB96 /* AUScopeElement.h */,
				1ACAA5AC1D5B36E7006FBB96 /* ComponentBase.cpp */,
				1ACAA5AD1D5B36E7006FBB96 /* ComponentBase.h */,
				1ACAA5A41D5B36D5006FBB96 /* AUDispatch.cpp */,
				1ACAA5A51D5B36D5006FBB96 /* AUDispatch.h */,
				1ACAA32E1D5B359B006FBB96 /* AUBase.cpp */,
				1ACAA32F1D5B359B006FBB96 /* AUBase.h */,
			);
			path = AUBase;
			sourceTree = "<group>";
		};
		1ACAA36C1D5B359B006FBB96 /* PublicUtility */ = {
			isa = PBXGroup;
			children = (
				1ACAA5DD1D5B383B006FBB96 /* CABufferList.cpp */,
				1ACAA5DA1D5B382F006FBB96 /* CAAudioChannelLayout.cpp */,
				1ACAA5D71D5B3814006FBB96 /* CAStreamBasicDescription.cpp */,
				1ACAA5D11D5B37E2006FBB96 /* CAVectorUnit.cpp */,
				1ACAA5C21D5B37C8006FBB96 /* CAAudioBufferList.cpp */,
				1ACAA5C31D5B37C9006FBB96 /* CAGuard.cpp */,
				1ACAA5C41D5B37C9006FBB96 /* CAHostTimeBase.cpp */,
				1ACAA5C51D5B37C9006FBB96 /* CAMutex.cpp */,
				1ACAA5C61D5B37C9006FBB96 /* CARingBuffer.cpp */,
				1ACAA36E1D5B359B006FBB96 /* AUOutputBL.h */,
				1ACAA3701D5B359B006FBB96 /* AUParamInfo.h */,
				1ACAA3711D5B359B006FBB96 /* CAAtomic.h */,
				1ACAA3721D5B359B006FBB96 /* CAAtomicStack.h */,
				1ACAA3741D5B359B006FBB96 /* CAAudioBufferList.h */,
				1ACAA3761D5B359B006FBB96 /* CAAudioChannelLayout.h */,
				1ACAA3791D5B359B006FBB96 /* CAAudioFileFormats.h */,
				1ACAA37B1D5B359B006FBB96 /* CAAudioTimeStamp.h */,
				1ACAA37D1D5B359B006FBB96 /* CAAudioUnit.h */,
				1ACAA37E1D5B359B006FBB96 /* CAAudioUnitOutputCapturer.h */,
				1ACAA3801D5B359B006FBB96 /* CAAudioValueRange.h */,
				1ACAA3821D5B359B006FBB96 /* CAAUMIDIMap.h */,
				1ACAA3841D5B359B006FBB96 /* CAAUMIDIMapManager.h */,
				1ACAA3861D5B359B006FBB96 /* CAAUParameter.h */,
				1ACAA3881D5B359B006FBB96 /* CAAUProcessor.h */,
				1ACAA3891D5B359B006FBB96 /* CAAutoDisposer.h */,
				1ACAA38A1D5B359B006FBB96 /* CABitOperations.h */,
				1ACAA38B1D5B359B006FBB96 /* CABool.h */,
				1ACAA38D1D5B359B006FBB96 /* CABufferList.h */,
				1ACAA38F1D5B359B006FBB96 /* CABundleLocker.h */,
				1ACAA3901D5B359B006FBB96 /* CAByteOrder.h */,
				1ACAA3921D5B359B006FBB96 /* CACFArray.h */,
				1ACAA3931D5B359B006FBB96 /* CACFData.h */,
				1ACAA3951D5B359B006FBB96 /* CACFDictionary.h */,
				1ACAA3971D5B359B006FBB96 /* CACFDistributedNotification.h */,
				1ACAA3991D5B359B006FBB96 /* CACFMachPort.h */,
				1ACAA39B1D5B359B006FBB96 /* CACFMessagePort.h */,
				1ACAA39D1D5B359B006FBB96 /* CACFNumber.h */,
				1ACAA39E1D5B359B006FBB96 /* CACFObject.h */,
				1ACAA39F1D5B359B006FBB96 /* CACFPlugIn.h */,
				1ACAA3A11D5B359B006FBB96 /* CACFPreferences.h */,
				1ACAA3A31D5B359B006FBB96 /* CACFString.h */,
				1ACAA3A51D5B359B006FBB96 /* CAComponent.h */,
				1ACAA3A71D5B359B006FBB96 /* CAComponentDescription.h */,
				1ACAA3A91D5B359B006FBB96 /* CADebugger.h */,
				1ACAA3AB1D5B359B006FBB96 /* CADebugMacros.h */,
				1ACAA3AD1D5B359B006FBB96 /* CADebugPrintf.h */,
				1ACAA3AE1D5B359B006FBB96 /* CAException.h */,
				1ACAA3AF1D5B359B006FBB96 /* CAExtAudioFile.h */,
				1ACAA3B11D5B359B006FBB96 /* CAFilePathUtils.h */,
				1ACAA3B31D5B359B006FBB96 /* CAGuard.h */,
				1ACAA3B51D5B359B006FBB96 /* CAHALAudioDevice.h */,
				1ACAA3B71D5B359B006FBB96 /* CAHALAudioObject.h */,
				1ACAA3B91D5B359B006FBB96 /* CAHALAudioStream.h */,
				1ACAA3BB1D5B359B006FBB96 /* CAHALAudioSystemObject.h */,
				1ACAA3BD1D5B359B006FBB96 /* CAHostTimeBase.h */,
				1ACAA3BE1D5B359B006FBB96 /* CALogMacros.h */,
				1ACAA3BF1D5B359B006FBB96 /* CAMath.h */,
				1ACAA3C01D5B359B006FBB96 /* CAMixMap.h */,
				1ACAA3C21D5B359B006FBB96 /* CAMutex.h */,
				1ACAA3C51D5B359B006FBB96 /* CAProcess.h */,
				1ACAA3C61D5B359B006FBB96 /* CAPropertyAddress.h */,
				1ACAA3C81D5B359B006FBB96 /* CAPThread.h */,
				1ACAA3C91D5B359B006FBB96 /* CAReferenceCounted.h */,
				1ACAA3CB1D5B359B006FBB96 /* CARingBuffer.h */,
				1ACAA3CD1D5B359B006FBB96 /* CASettingsStorage.h */,
				1ACAA3CF1D5B359B006FBB96 /* CASharedLibrary.h */,
				1ACAA3D11D5B359B006FBB96 /* CASpectralProcessor.h */,
				1ACAA3D31D5B359B006FBB96 /* CAStreamBasicDescription.h */,
				1ACAA3D51D5B359B006FBB96 /* CAStreamRangedDescription.h */,
				1ACAA3D61D5B359B006FBB96 /* CAThreadSafeList.h */,
				1ACAA3D71D5B359B006FBB96 /* CATink.h */,
				1ACAA3D81D5B359B006FBB96 /* CATokenMap.h */,
				1ACAA3DA1D5B359B006FBB96 /* CAVectorUnit.h */,
				1ACAA3DB1D5B359B006FBB96 /* CAVectorUnitTypes.h */,
				1ACAA3DD1D5B359B006FBB96 /* CAVolumeCurve.h */,
				1ACAA3DF1D5B359B006FBB96 /* CAXException.h */,
				1ACAA3E11D5B359B006FBB96 /* MatrixMixerVolumes.h */,
			);
			path = PublicUtility;
			sourceTree = "<group>";
		};
		1ACAA5881D5B3694006FBB96 /* Utility */ = {
			isa = PBXGroup;
			children = (
				1ACAA5891D5B3694006FBB96 /* AUBaseHelper.cpp */,
				1ACAA58A1D5B3694006FBB96 /* AUBaseHelper.h */,
				1ACAA58B1D5B3694006FBB96 /* AUBuffer.cpp */,
				1ACAA58C1D5B3694006FBB96 /* AUBuffer.h */,
				1ACAA58D1D5B3694006FBB96 /* AUInputFormatConverter.h */,
				1ACAA58E1D5B3694006FBB96 /* AUMIDIDefs.h */,
				1ACAA58F1D5B3694006FBB96 /* AUSilentTimeout.h */,
				1ACAA5901D5B3694006FBB96 /* AUTimestampGenerator.cpp */,
				1ACAA5911D5B3694006FBB96 /* AUTimestampGenerator.h */,
			);
			path = Utility;
			sourceTree = "<group>";
		};
		989FD9DC0444FB92005F25BE /* al */ = {
			isa = PBXGroup;
			children = (
				8A7EE4550A02DD3900D94919 /* MacOSX_OALExtensions.h */,
				984FDEC60433F5A20042B474 /* alut.h */,
				984FDEC20433F5A20042B474 /* al.h */,
				984FDEC30433F5A20042B474 /* alc.h */,
			);
			path = al;
			sourceTree = "<group>";
		};
/* End PBXGroup section */

/* Begin PBXHeadersBuildPhase section */
		8AC6BDCD09B39D9400242AEF /* Headers */ = {
			isa = PBXHeadersBuildPhase;
			buildActionMask = 2147483647;
			files = (
				1ACAA5551D5B359B006FBB96 /* CAThreadSafeList.h in Headers */,
				1ACAA48D1D5B359B006FBB96 /* CAAtomicStack.h in Headers */,
				1ACAA4CD1D5B359B006FBB96 /* CACFArray.h in Headers */,
				1ACAA5071D5B359B006FBB96 /* CAExtAudioFile.h in Headers */,
				1ACAA5351D5B359B006FBB96 /* CAPropertyAddress.h in Headers */,
				1ACAA5471D5B359B006FBB96 /* CASharedLibrary.h in Headers */,
				8AC6BDCE09B39D9400242AEF /* al.h in Headers */,
				1ACAA4FB1D5B359B006FBB96 /* CADebugger.h in Headers */,
				1ACAA4BD1D5B359B006FBB96 /* CABitOperations.h in Headers */,
				8AC6BDCF09B39D9400242AEF /* alc.h in Headers */,
				1ACAA5A91D5B36D5006FBB96 /* AUDispatch.h in Headers */,
				1ACAA4B11D5B359B006FBB96 /* CAAUMIDIMapManager.h in Headers */,
				1ACAA5231D5B359B006FBB96 /* CAHostTimeBase.h in Headers */,
				1ACAA53F1D5B359B006FBB96 /* CARingBuffer.h in Headers */,
				1ACAA4F71D5B359B006FBB96 /* CAComponentDescription.h in Headers */,
				1ACAA49B1D5B359B006FBB96 /* CAAudioFileFormats.h in Headers */,
				1ACAA5951D5B3694006FBB96 /* AUBaseHelper.h in Headers */,
				1ACAA4B91D5B359B006FBB96 /* CAAUProcessor.h in Headers */,
				1ACAA4B51D5B359B006FBB96 /* CAAUParameter.h in Headers */,
				1ACAA4A31D5B359B006FBB96 /* CAAudioUnit.h in Headers */,
				1ACAA5591D5B359B006FBB96 /* CATokenMap.h in Headers */,
				1ACAA4A91D5B359B006FBB96 /* CAAudioValueRange.h in Headers */,
				1ACAA4E71D5B359B006FBB96 /* CACFPlugIn.h in Headers */,
				8AC6BDD009B39D9400242AEF /* oalBuffer.h in Headers */,
				1ACAA4E51D5B359B006FBB96 /* CACFObject.h in Headers */,
				1ACAA4C71D5B359B006FBB96 /* CABundleLocker.h in Headers */,
				8AC6BDD109B39D9400242AEF /* oalContext.h in Headers */,
				1ACAA51F1D5B359B006FBB96 /* CAHALAudioSystemObject.h in Headers */,
				1ACAA59F1D5B3694006FBB96 /* AUSilentTimeout.h in Headers */,
				1ACAA5671D5B359B006FBB96 /* CAXException.h in Headers */,
				1ACAA5991D5B3694006FBB96 /* AUBuffer.h in Headers */,
				1ACAA5571D5B359B006FBB96 /* CATink.h in Headers */,
				1ACAA4BB1D5B359B006FBB96 /* CAAutoDisposer.h in Headers */,
				1ACAA5131D5B359B006FBB96 /* CAHALAudioDevice.h in Headers */,
				1ACAA52D1D5B359B006FBB96 /* CAMutex.h in Headers */,
				1ACAA5051D5B359B006FBB96 /* CAException.h in Headers */,
				1ACAA4CF1D5B359B006FBB96 /* CACFData.h in Headers */,
				1ACAA4911D5B359B006FBB96 /* CAAudioBufferList.h in Headers */,
				1ACAA5B51D5B36E7006FBB96 /* ComponentBase.h in Headers */,
				1A2CD0A31D411E4200F10449 /* oalCaptureMixer.h in Headers */,
				1ACAA59D1D5B3694006FBB96 /* AUMIDIDefs.h in Headers */,
				1ACAA4E31D5B359B006FBB96 /* CACFNumber.h in Headers */,
				1ACAA5391D5B359B006FBB96 /* CAPThread.h in Headers */,
				1ACAA5A31D5B3694006FBB96 /* AUTimestampGenerator.h in Headers */,
				1ACAA50B1D5B359B006FBB96 /* CAFilePathUtils.h in Headers */,
				1ACAA59B1D5B3694006FBB96 /* AUInputFormatConverter.h in Headers */,
				1ACAA55D1D5B359B006FBB96 /* CAVectorUnit.h in Headers */,
				1ACAA4951D5B359B006FBB96 /* CAAudioChannelLayout.h in Headers */,
				1ACAA5431D5B359B006FBB96 /* CASettingsStorage.h in Headers */,
				1ACAA4A51D5B359B006FBB96 /* CAAudioUnitOutputCapturer.h in Headers */,
				1ACAA55F1D5B359B006FBB96 /* CAVectorUnitTypes.h in Headers */,
				8AC6BDD209B39D9400242AEF /* oalDevice.h in Headers */,
				1ACAA5171D5B359B006FBB96 /* CAHALAudioObject.h in Headers */,
				1ACAA54B1D5B359B006FBB96 /* CASpectralProcessor.h in Headers */,
				1ACAA4D31D5B359B006FBB96 /* CACFDictionary.h in Headers */,
				1ACAA50F1D5B359B006FBB96 /* CAGuard.h in Headers */,
				1ACAA4DF1D5B359B006FBB96 /* CACFMessagePort.h in Headers */,
				1ACAA5531D5B359B006FBB96 /* CAStreamRangedDescription.h in Headers */,
				1ACAA5BD1D5B36F9006FBB96 /* AUInputElement.h in Headers */,
				1ACAA4FF1D5B359B006FBB96 /* CADebugMacros.h in Headers */,
				1ACAA54F1D5B359B006FBB96 /* CAStreamBasicDescription.h in Headers */,
				1ACAA5291D5B359B006FBB96 /* CAMixMap.h in Headers */,
				1ACAA4DB1D5B359B006FBB96 /* CACFMachPort.h in Headers */,
				8AC6BDD309B39D9400242AEF /* oalImp.h in Headers */,
				1ACAA4131D5B359B006FBB96 /* AUBase.h in Headers */,
				1ACAA4BF1D5B359B006FBB96 /* CABool.h in Headers */,
				1ACAA5251D5B359B006FBB96 /* CALogMacros.h in Headers */,
				1ACAA48B1D5B359B006FBB96 /* CAAtomic.h in Headers */,
				8AC6BDD409B39D9400242AEF /* oalOSX.h in Headers */,
				8AC6BDD509B39D9400242AEF /* oalSource.h in Headers */,
				1ACAA4F31D5B359B006FBB96 /* CAComponent.h in Headers */,
				1ACAA4C31D5B359B006FBB96 /* CABufferList.h in Headers */,
				1ACAA4851D5B359B006FBB96 /* AUOutputBL.h in Headers */,
				1A2CD09F1D411E3D00F10449 /* oalRingBuffer.h in Headers */,
				8AC6BDDE09B39D9400242AEF /* oalCaptureDevice.h in Headers */,
				1ACAA4EF1D5B359B006FBB96 /* CACFString.h in Headers */,
				1ACAA5331D5B359B006FBB96 /* CAProcess.h in Headers */,
				1ACAA5631D5B359B006FBB96 /* CAVolumeCurve.h in Headers */,
				1ACAA4D71D5B359B006FBB96 /* CACFDistributedNotification.h in Headers */,
				1ACAA4C91D5B359B006FBB96 /* CAByteOrder.h in Headers */,
				1ACAA5271D5B359B006FBB96 /* CAMath.h in Headers */,
				1ACAA4891D5B359B006FBB96 /* AUParamInfo.h in Headers */,
				1ACAA5B11D5B36E7006FBB96 /* AUScopeElement.h in Headers */,
				1ACAA49F1D5B359B006FBB96 /* CAAudioTimeStamp.h in Headers */,
				1ACAA4AD1D5B359B006FBB96 /* CAAUMIDIMap.h in Headers */,
				1ACAA51B1D5B359B006FBB96 /* CAHALAudioStream.h in Headers */,
				1ACAA4EB1D5B359B006FBB96 /* CACFPreferences.h in Headers */,
				1ACAA5031D5B359B006FBB96 /* CADebugPrintf.h in Headers */,
				1ACAA53B1D5B359B006FBB96 /* CAReferenceCounted.h in Headers */,
				1ACAA56B1D5B359B006FBB96 /* MatrixMixerVolumes.h in Headers */,
				1ACAA5C11D5B36F9006FBB96 /* AUOutputElement.h in Headers */,
			);
			runOnlyForDeploymentPostprocessing = 0;
		};
		8ACAAC6B06528BF200E2D337 /* Headers */ = {
			isa = PBXHeadersBuildPhase;
			buildActionMask = 2147483647;
			files = (
				1ACAA5621D5B359B006FBB96 /* CAVolumeCurve.h in Headers */,
				1ACAA5941D5B3694006FBB96 /* AUBaseHelper.h in Headers */,
				1ACAA4FE1D5B359B006FBB96 /* CADebugMacros.h in Headers */,
				1ACAA5041D5B359B006FBB96 /* CAException.h in Headers */,
				1ACAA5061D5B359B006FBB96 /* CAExtAudioFile.h in Headers */,
				8ACAAC7106528BF200E2D337 /* oalImp.h in Headers */,
				1ACAA51A1D5B359B006FBB96 /* CAHALAudioStream.h in Headers */,
				1ACAA53E1D5B359B006FBB96 /* CARingBuffer.h in Headers */,
				1ACAA5A81D5B36D5006FBB96 /* AUDispatch.h in Headers */,
				1ACAA5021D5B359B006FBB96 /* CADebugPrintf.h in Headers */,
				1ACAA4B41D5B359B006FBB96 /* CAAUParameter.h in Headers */,
				1ACAA4F61D5B359B006FBB96 /* CAComponentDescription.h in Headers */,
				1ACAA48C1D5B359B006FBB96 /* CAAtomicStack.h in Headers */,
				1ACAA4E41D5B359B006FBB96 /* CACFObject.h in Headers */,
				1ACAA5321D5B359B006FBB96 /* CAProcess.h in Headers */,
				1ACAA4881D5B359B006FBB96 /* AUParamInfo.h in Headers */,
				1ACAA51E1D5B359B006FBB96 /* CAHALAudioSystemObject.h in Headers */,
				1ACAA55E1D5B359B006FBB96 /* CAVectorUnitTypes.h in Headers */,
				1ACAA4A21D5B359B006FBB96 /* CAAudioUnit.h in Headers */,
				1ACAA54A1D5B359B006FBB96 /* CASpectralProcessor.h in Headers */,
				8ACAAC7206528BF200E2D337 /* oalContext.h in Headers */,
				1ACAA5341D5B359B006FBB96 /* CAPropertyAddress.h in Headers */,
				1ACAA4D61D5B359B006FBB96 /* CACFDistributedNotification.h in Headers */,
				1ACAA4F21D5B359B006FBB96 /* CAComponent.h in Headers */,
				8ACAAC7306528BF200E2D337 /* oalSource.h in Headers */,
				1ACAA59E1D5B3694006FBB96 /* AUSilentTimeout.h in Headers */,
				1ACAA5161D5B359B006FBB96 /* CAHALAudioObject.h in Headers */,
				1ACAA5421D5B359B006FBB96 /* CASettingsStorage.h in Headers */,
				1ACAA4AC1D5B359B006FBB96 /* CAAUMIDIMap.h in Headers */,
				1ACAA48A1D5B359B006FBB96 /* CAAtomic.h in Headers */,
				1ACAA5A21D5B3694006FBB96 /* AUTimestampGenerator.h in Headers */,
				1ACAA54E1D5B359B006FBB96 /* CAStreamBasicDescription.h in Headers */,
				1ACAA5281D5B359B006FBB96 /* CAMixMap.h in Headers */,
				8ACAAC7406528BF200E2D337 /* oalBuffer.h in Headers */,
				8ACAAC7506528BF200E2D337 /* oalDevice.h in Headers */,
				8ACAAC7606528BF200E2D337 /* oalOSX.h in Headers */,
				1A2CD0A11D411E4100F10449 /* oalCaptureMixer.h in Headers */,
				1ACAA59A1D5B3694006FBB96 /* AUInputFormatConverter.h in Headers */,
				8A5E140608EB104300AFA934 /* oalCaptureDevice.h in Headers */,
				1ACAA4941D5B359B006FBB96 /* CAAudioChannelLayout.h in Headers */,
				1ACAA5B01D5B36E7006FBB96 /* AUScopeElement.h in Headers */,
				1ACAA4EA1D5B359B006FBB96 /* CACFPreferences.h in Headers */,
				1ACAA4A41D5B359B006FBB96 /* CAAudioUnitOutputCapturer.h in Headers */,
				1ACAA5B41D5B36E7006FBB96 /* ComponentBase.h in Headers */,
				1ACAA4BE1D5B359B006FBB96 /* CABool.h in Headers */,
				1ACAA5241D5B359B006FBB96 /* CALogMacros.h in Headers */,
				1ACAA4C61D5B359B006FBB96 /* CABundleLocker.h in Headers */,
				1ACAA5461D5B359B006FBB96 /* CASharedLibrary.h in Headers */,
				1ACAA5521D5B359B006FBB96 /* CAStreamRangedDescription.h in Headers */,
				1ACAA4C21D5B359B006FBB96 /* CABufferList.h in Headers */,
				1A2CD09D1D411E3C00F10449 /* oalRingBuffer.h in Headers */,
				1ACAA5261D5B359B006FBB96 /* CAMath.h in Headers */,
				1ACAA4CC1D5B359B006FBB96 /* CACFArray.h in Headers */,
				1ACAA5221D5B359B006FBB96 /* CAHostTimeBase.h in Headers */,
				8AE33A27090F0C1B00AF30D6 /* alc.h in Headers */,
				1ACAA5581D5B359B006FBB96 /* CATokenMap.h in Headers */,
				1ACAA4901D5B359B006FBB96 /* CAAudioBufferList.h in Headers */,
				1ACAA5661D5B359B006FBB96 /* CAXException.h in Headers */,
				1ACAA4121D5B359B006FBB96 /* AUBase.h in Headers */,
				1ACAA56A1D5B359B006FBB96 /* MatrixMixerVolumes.h in Headers */,
				1ACAA4E21D5B359B006FBB96 /* CACFNumber.h in Headers */,
				1ACAA5C01D5B36F9006FBB96 /* AUOutputElement.h in Headers */,
				1ACAA5541D5B359B006FBB96 /* CAThreadSafeList.h in Headers */,
				1ACAA5BC1D5B36F9006FBB96 /* AUInputElement.h in Headers */,
				1ACAA53A1D5B359B006FBB96 /* CAReferenceCounted.h in Headers */,
				1ACAA49A1D5B359B006FBB96 /* CAAudioFileFormats.h in Headers */,
				1ACAA4D21D5B359B006FBB96 /* CACFDictionary.h in Headers */,
				1ACAA50E1D5B359B006FBB96 /* CAGuard.h in Headers */,
				1ACAA4DE1D5B359B006FBB96 /* CACFMessagePort.h in Headers */,
				1ACAA49E1D5B359B006FBB96 /* CAAudioTimeStamp.h in Headers */,
				1ACAA4B81D5B359B006FBB96 /* CAAUProcessor.h in Headers */,
				1ACAA50A1D5B359B006FBB96 /* CAFilePathUtils.h in Headers */,
				1ACAA59C1D5B3694006FBB96 /* AUMIDIDefs.h in Headers */,
				1ACAA4A81D5B359B006FBB96 /* CAAudioValueRange.h in Headers */,
				8AE33A29090F0C3D00AF30D6 /* al.h in Headers */,
				1ACAA4BA1D5B359B006FBB96 /* CAAutoDisposer.h in Headers */,
				1ACAA4C81D5B359B006FBB96 /* CAByteOrder.h in Headers */,
				1ACAA4B01D5B359B006FBB96 /* CAAUMIDIMapManager.h in Headers */,
				1ACAA4841D5B359B006FBB96 /* AUOutputBL.h in Headers */,
				1ACAA5381D5B359B006FBB96 /* CAPThread.h in Headers */,
				1ACAA4E61D5B359B006FBB96 /* CACFPlugIn.h in Headers */,
				8A7EE4560A02DD3900D94919 /* MacOSX_OALExtensions.h in Headers */,
				1ACAA52C1D5B359B006FBB96 /* CAMutex.h in Headers */,
				1ACAA4FA1D5B359B006FBB96 /* CADebugger.h in Headers */,
				8A7EE4840A02DEB700D94919 /* alut.h in Headers */,
				1ACAA5121D5B359B006FBB96 /* CAHALAudioDevice.h in Headers */,
				1ACAA4CE1D5B359B006FBB96 /* CACFData.h in Headers */,
				1ACAA55C1D5B359B006FBB96 /* CAVectorUnit.h in Headers */,
				1ACAA4BC1D5B359B006FBB96 /* CABitOperations.h in Headers */,
				1ACAA5981D5B3694006FBB96 /* AUBuffer.h in Headers */,
				1ACAA4EE1D5B359B006FBB96 /* CACFString.h in Headers */,
				1ACAA5561D5B359B006FBB96 /* CATink.h in Headers */,
				1ACAA4DA1D5B359B006FBB96 /* CACFMachPort.h in Headers */,
			);
			runOnlyForDeploymentPostprocessing = 0;
		};
/* End PBXHeadersBuildPhase section */

/* Begin PBXNativeTarget section */
		8AC6BDCC09B39D9400242AEF /* openal.dylib */ = {
			isa = PBXNativeTarget;
			buildConfigurationList = 8AC6BDFA09B39D9400242AEF /* Build configuration list for PBXNativeTarget "openal.dylib" */;
			buildPhases = (
				8AC6BDCD09B39D9400242AEF /* Headers */,
				8AC6BDE109B39D9400242AEF /* Sources */,
				8AC6BDF009B39D9400242AEF /* Frameworks */,
				8AC6BDF709B39D9400242AEF /* Rez */,
				8AC6BDF809B39D9400242AEF /* CopyFiles */,
			);
			buildRules = (
			);
			dependencies = (
			);
			name = openal.dylib;
			productInstallPath = /Developer/Examples/CoreAudio/OpenAL;
			productName = openal.dylib;
			productReference = 8AC6BDFE09B39D9400242AEF /* openal.dylib */;
			productType = "com.apple.product-type.library.dynamic";
		};
		8ACAAC6A06528BF200E2D337 /* OpenAL */ = {
			isa = PBXNativeTarget;
			buildConfigurationList = 8ACD0BB00885C20A00D0637F /* Build configuration list for PBXNativeTarget "OpenAL" */;
			buildPhases = (
				8ACAAC6B06528BF200E2D337 /* Headers */,
				8ACAAC7D06528BF200E2D337 /* Resources */,
				8ACAAC7F06528BF200E2D337 /* Sources */,
				8ACAAC8A06528BF200E2D337 /* Frameworks */,
				8ACAAC9106528BF200E2D337 /* Rez */,
				F749ED780B6EC79700589706 /* Copy Plist */,
				F749ED7C0B6EC84D00589706 /* Copy License */,
			);
			buildRules = (
			);
			dependencies = (
			);
			name = OpenAL;
			productInstallPath = "$(HOME)/Library/Frameworks";
			productName = al_osx;
			productReference = 8ACAAC9406528BF300E2D337 /* OpenAL.framework */;
			productType = "com.apple.product-type.framework";
		};
/* End PBXNativeTarget section */

/* Begin PBXProject section */
		0867D690FE84028FC02AAC07 /* Project object */ = {
			isa = PBXProject;
			attributes = {
			};
			buildConfigurationList = 8ACD0BBC0885C20A00D0637F /* Build configuration list for PBXProject "OpenALOpenSource" */;
			compatibilityVersion = "Xcode 2.4";
			developmentRegion = English;
			hasScannedForEncodings = 1;
			knownRegions = (
				English,
				Japanese,
				French,
				German,
			);
			mainGroup = 0867D691FE84028FC02AAC07 /* al_osx */;
			productRefGroup = 034768DDFF38A45A11DB9C8B /* Products */;
			projectDirPath = "";
			projectRoot = "";
			targets = (
				8ACAAC9906528C3A00E2D337 /* All */,
				8ACAAC6A06528BF200E2D337 /* OpenAL */,
				8AC6BDCC09B39D9400242AEF /* openal.dylib */,
			);
		};
/* End PBXProject section */

/* Begin PBXResourcesBuildPhase section */
		8ACAAC7D06528BF200E2D337 /* Resources */ = {
			isa = PBXResourcesBuildPhase;
			buildActionMask = 2147483647;
			files = (
			);
			runOnlyForDeploymentPostprocessing = 0;
		};
/* End PBXResourcesBuildPhase section */

/* Begin PBXRezBuildPhase section */
		8AC6BDF709B39D9400242AEF /* Rez */ = {
			isa = PBXRezBuildPhase;
			buildActionMask = 2147483647;
			files = (
			);
			runOnlyForDeploymentPostprocessing = 0;
		};
		8ACAAC9106528BF200E2D337 /* Rez */ = {
			isa = PBXRezBuildPhase;
			buildActionMask = 2147483647;
			files = (
			);
			runOnlyForDeploymentPostprocessing = 0;
		};
/* End PBXRezBuildPhase section */

/* Begin PBXSourcesBuildPhase section */
		8AC6BDE109B39D9400242AEF /* Sources */ = {
			isa = PBXSourcesBuildPhase;
			buildActionMask = 2147483647;
			files = (
				8AC6BDE209B39D9400242AEF /* oalContext.cpp in Sources */,
				1ACAA5C81D5B37C9006FBB96 /* CAAudioBufferList.cpp in Sources */,
				8AC6BDE309B39D9400242AEF /* oalDevice.cpp in Sources */,
				1ACAA5CA1D5B37C9006FBB96 /* CAGuard.cpp in Sources */,
				1ACAA5A11D5B3694006FBB96 /* AUTimestampGenerator.cpp in Sources */,
				1ACAA5CE1D5B37C9006FBB96 /* CAMutex.cpp in Sources */,
				1ACAA5D01D5B37C9006FBB96 /* CARingBuffer.cpp in Sources */,
				8AC6BDE409B39D9400242AEF /* oalImp.cpp in Sources */,
				1ACAA5D31D5B37E2006FBB96 /* CAVectorUnit.cpp in Sources */,
				1A2CD0A21D411E4200F10449 /* oalCaptureMixer.cpp in Sources */,
				1ACAA5CC1D5B37C9006FBB96 /* CAHostTimeBase.cpp in Sources */,
				1ACAA5A71D5B36D5006FBB96 /* AUDispatch.cpp in Sources */,
				1ACAA5B31D5B36E7006FBB96 /* ComponentBase.cpp in Sources */,
				1ACAA5AF1D5B36E7006FBB96 /* AUScopeElement.cpp in Sources */,
				1ACAA5D91D5B3814006FBB96 /* CAStreamBasicDescription.cpp in Sources */,
				1ACAA5BB1D5B36F9006FBB96 /* AUInputElement.cpp in Sources */,
				1ACAA5DC1D5B382F006FBB96 /* CAAudioChannelLayout.cpp in Sources */,
				1ACAA5931D5B3694006FBB96 /* AUBaseHelper.cpp in Sources */,
				8AC6BDE509B39D9400242AEF /* oalOSX.cpp in Sources */,
				1A2CD09E1D411E3D00F10449 /* oalRingBuffer.cpp in Sources */,
				1ACAA5BF1D5B36F9006FBB96 /* AUOutputElement.cpp in Sources */,
				8AC6BDEC09B39D9400242AEF /* oalSource.cpp in Sources */,
				1ACAA5DF1D5B383B006FBB96 /* CABufferList.cpp in Sources */,
				1ACAA4111D5B359B006FBB96 /* AUBase.cpp in Sources */,
				8AC6BDED09B39D9400242AEF /* oalBuffer.cpp in Sources */,
				8AC6BDEE09B39D9400242AEF /* oalCaptureDevice.cpp in Sources */,
				1ACAA5971D5B3694006FBB96 /* AUBuffer.cpp in Sources */,
			);
			runOnlyForDeploymentPostprocessing = 0;
		};
		8ACAAC7F06528BF200E2D337 /* Sources */ = {
			isa = PBXSourcesBuildPhase;
			buildActionMask = 2147483647;
			files = (
				8ACAAC8006528BF200E2D337 /* oalDevice.cpp in Sources */,
				1ACAA5C71D5B37C9006FBB96 /* CAAudioBufferList.cpp in Sources */,
				8ACAAC8106528BF200E2D337 /* oalImp.cpp in Sources */,
				1ACAA5C91D5B37C9006FBB96 /* CAGuard.cpp in Sources */,
				1ACAA5A01D5B3694006FBB96 /* AUTimestampGenerator.cpp in Sources */,
				1ACAA5CD1D5B37C9006FBB96 /* CAMutex.cpp in Sources */,
				1ACAA5CF1D5B37C9006FBB96 /* CARingBuffer.cpp in Sources */,
				8ACAAC8206528BF200E2D337 /* oalContext.cpp in Sources */,
				1ACAA5D21D5B37E2006FBB96 /* CAVectorUnit.cpp in Sources */,
				1A2CD0A01D411E4100F10449 /* oalCaptureMixer.cpp in Sources */,
				1ACAA5CB1D5B37C9006FBB96 /* CAHostTimeBase.cpp in Sources */,
				1ACAA5A61D5B36D5006FBB96 /* AUDispatch.cpp in Sources */,
				1ACAA5B21D5B36E7006FBB96 /* ComponentBase.cpp in Sources */,
				1ACAA5AE1D5B36E7006FBB96 /* AUScopeElement.cpp in Sources */,
				1ACAA5D81D5B3814006FBB96 /* CAStreamBasicDescription.cpp in Sources */,
				1ACAA5BA1D5B36F9006FBB96 /* AUInputElement.cpp in Sources */,
				1ACAA5DB1D5B382F006FBB96 /* CAAudioChannelLayout.cpp in Sources */,
				1ACAA5921D5B3694006FBB96 /* AUBaseHelper.cpp in Sources */,
				8ACAAC8406528BF200E2D337 /* oalOSX.cpp in Sources */,
				1A2CD09C1D411E3C00F10449 /* oalRingBuffer.cpp in Sources */,
				1ACAA5BE1D5B36F9006FBB96 /* AUOutputElement.cpp in Sources */,
				8A87DAC108B1099D00178F66 /* oalSource.cpp in Sources */,
				1ACAA5DE1D5B383B006FBB96 /* CABufferList.cpp in Sources */,
				1ACAA4101D5B359B006FBB96 /* AUBase.cpp in Sources */,
				8AF8503908D2513B004B64E7 /* oalBuffer.cpp in Sources */,
				8A5E140708EB104300AFA934 /* oalCaptureDevice.cpp in Sources */,
				1ACAA5961D5B3694006FBB96 /* AUBuffer.cpp in Sources */,
			);
			runOnlyForDeploymentPostprocessing = 0;
		};
/* End PBXSourcesBuildPhase section */

/* Begin PBXTargetDependency section */
		8ACAAC9B06528C7E00E2D337 /* PBXTargetDependency */ = {
			isa = PBXTargetDependency;
			target = 8ACAAC6A06528BF200E2D337 /* OpenAL */;
			targetProxy = 8ACAAC9A06528C7E00E2D337 /* PBXContainerItemProxy */;
		};
/* End PBXTargetDependency section */

/* Begin XCBuildConfiguration section */
		8AC6BDFB09B39D9400242AEF /* Deployment */ = {
			isa = XCBuildConfiguration;
			buildSettings = {
				ARCHS = (
					ppc,
					i386,
				);
				COPY_PHASE_STRIP = YES;
				DYLIB_COMPATIBILITY_VERSION = 1;
				DYLIB_CURRENT_VERSION = 1;
				FRAMEWORK_SEARCH_PATHS = /Volumes/Ultraman/XMen/CoreAudio/build;
				GCC_ENABLE_FIX_AND_CONTINUE = NO;
				GCC_OPTIMIZATION_LEVEL = s;
				GCC_PREPROCESSOR_DEFINITIONS = __MACOSX__;
				INSTALL_PATH = /Developer/Examples/CoreAudio/OpenAL;
				LIBRARY_STYLE = DYNAMIC;
				MACH_O_TYPE = mh_dylib;
				OTHER_CFLAGS = "$(inherited)";
				OTHER_LIBTOOL_FLAGS = "";
				OTHER_REZFLAGS = "";
				PRODUCT_NAME = openal;
				REZ_EXECUTABLE = YES;
				SECTORDER_FLAGS = "";
				WARNING_CFLAGS = (
					"-Wmost",
					"-Wno-four-char-constants",
					"-Wno-unknown-pragmas",
				);
				ZERO_LINK = NO;
			};
			name = Deployment;
		};
		8AC6BDFC09B39D9400242AEF /* Development */ = {
			isa = XCBuildConfiguration;
			buildSettings = {
				COPY_PHASE_STRIP = NO;
				DYLIB_COMPATIBILITY_VERSION = 1;
				DYLIB_CURRENT_VERSION = 1;
				GCC_OPTIMIZATION_LEVEL = 0;
				GCC_PREPROCESSOR_DEFINITIONS = (
					__MACOSX__,
					DEBUG,
					"CoreAudio_Debug=1",
				);
				INSTALL_PATH = /Developer/Examples/CoreAudio/OpenAL;
				LIBRARY_STYLE = DYNAMIC;
				MACH_O_TYPE = mh_dylib;
				OTHER_CFLAGS = "";
				OTHER_REZFLAGS = "-d DEBUG=1 -d CoreAudio_Debug=1";
				PRODUCT_NAME = openal;
				REZ_EXECUTABLE = YES;
				WARNING_CFLAGS = (
					"-Wmost",
					"-Wno-four-char-constants",
					"-Wno-unknown-pragmas",
				);
			};
			name = Development;
		};
		8ACD0BB10885C20A00D0637F /* Deployment */ = {
			isa = XCBuildConfiguration;
			buildSettings = {
				COPY_PHASE_STRIP = YES;
				DYLIB_COMPATIBILITY_VERSION = 1;
				DYLIB_CURRENT_VERSION = 1;
				EXPORTED_SYMBOLS_FILE = Source/OpenAL/OpenAL.exp;
				FRAMEWORK_VERSION = A;
				GCC_ENABLE_FIX_AND_CONTINUE = NO;
				GCC_OPTIMIZATION_LEVEL = s;
				INFOPLIST_FILE = "Source/OpenAL/OpenAL-Info.plist";
				INSTALL_PATH = /System/Library/Frameworks;
				OTHER_CFLAGS = (
					"$(value)",
					"-D__MACOSX__",
				);
				PRODUCT_NAME = OpenAL;
				WARNING_CFLAGS = (
					"-Wmost",
					"-Wno-four-char-constants",
					"-Wno-unknown-pragmas",
				);
				WRAPPER_EXTENSION = framework;
				ZERO_LINK = NO;
			};
			name = Deployment;
		};
		8ACD0BB20885C20A00D0637F /* Development */ = {
			isa = XCBuildConfiguration;
			buildSettings = {
				COPY_PHASE_STRIP = NO;
				DYLIB_COMPATIBILITY_VERSION = 1;
				DYLIB_CURRENT_VERSION = 1;
				EXPORTED_SYMBOLS_FILE = Source/OpenAL/OpenAL.exp;
				FRAMEWORK_VERSION = A;
				GCC_DYNAMIC_NO_PIC = NO;
				GCC_ENABLE_FIX_AND_CONTINUE = YES;
				GCC_GENERATE_DEBUGGING_SYMBOLS = YES;
				GCC_OPTIMIZATION_LEVEL = 0;
				INFOPLIST_FILE = "Source/OpenAL/OpenAL-Info.plist";
				INSTALL_PATH = /System/Library/Frameworks;
				OTHER_CFLAGS = (
					"-D__MACOSX__",
					"-DDEBUG",
					"-DCoreAudio_Debug=1",
				);
				OTHER_REZFLAGS = "-d DEBUG=1 -d CoreAudio_Debug=1";
				PRODUCT_NAME = OpenAL;
				WARNING_CFLAGS = (
					"-Wmost",
					"-Wno-four-char-constants",
					"-Wno-unknown-pragmas",
				);
				WRAPPER_EXTENSION = framework;
			};
			name = Development;
		};
		8ACD0BB50885C20A00D0637F /* Deployment */ = {
			isa = XCBuildConfiguration;
			buildSettings = {
				COPY_PHASE_STRIP = YES;
				GCC_ENABLE_FIX_AND_CONTINUE = NO;
				GCC_OPTIMIZATION_LEVEL = 3;
				OTHER_CFLAGS = "-D__MACOSX__";
				OTHER_LDFLAGS = "";
				OTHER_REZFLAGS = "";
				PRODUCT_NAME = All;
				SECTORDER_FLAGS = "";
				WARNING_CFLAGS = (
					"-Wmost",
					"-Wno-four-char-constants",
					"-Wno-unknown-pragmas",
				);
				ZERO_LINK = NO;
			};
			name = Deployment;
		};
		8ACD0BB60885C20A00D0637F /* Development */ = {
			isa = XCBuildConfiguration;
			buildSettings = {
				COPY_PHASE_STRIP = NO;
				DEBUGGING_SYMBOLS = YES;
				GCC_DYNAMIC_NO_PIC = NO;
				GCC_ENABLE_FIX_AND_CONTINUE = YES;
				GCC_GENERATE_DEBUGGING_SYMBOLS = YES;
				GCC_OPTIMIZATION_LEVEL = 0;
				OTHER_CFLAGS = (
					"-D__MACOSX__",
					"-DDEBUG",
					"-DCoreAudio_Debug=1",
				);
				OTHER_LDFLAGS = "";
				OTHER_REZFLAGS = "-d DEBUG=1 -d CoreAudio_Debug=1";
				PRODUCT_NAME = All;
				SECTORDER_FLAGS = "";
				WARNING_CFLAGS = (
					"-Wmost",
					"-Wno-four-char-constants",
					"-Wno-unknown-pragmas",
				);
				ZERO_LINK = NO;
			};
			name = Development;
		};
		8ACD0BBD0885C20A00D0637F /* Deployment */ = {
			isa = XCBuildConfiguration;
			buildSettings = {
				ARCHS = "$(ARCHS_STANDARD)";
				GCC_DEBUGGING_SYMBOLS = full;
				GCC_OPTIMIZATION_LEVEL = s;
				GCC_WARN_ABOUT_DEPRECATED_FUNCTIONS = NO;
			};
			name = Deployment;
		};
		8ACD0BBE0885C20A00D0637F /* Development */ = {
			isa = XCBuildConfiguration;
			buildSettings = {
				ARCHS = "$(ARCHS_STANDARD)";
				GCC_DEBUGGING_SYMBOLS = full;
				GCC_OPTIMIZATION_LEVEL = s;
				GCC_WARN_ABOUT_DEPRECATED_FUNCTIONS = NO;
				ONLY_ACTIVE_ARCH = YES;
			};
			name = Development;
		};
/* End XCBuildConfiguration section */

/* Begin XCConfigurationList section */
		8AC6BDFA09B39D9400242AEF /* Build configuration list for PBXNativeTarget "openal.dylib" */ = {
			isa = XCConfigurationList;
			buildConfigurations = (
				8AC6BDFB09B39D9400242AEF /* Deployment */,
				8AC6BDFC09B39D9400242AEF /* Development */,
			);
			defaultConfigurationIsVisible = 0;
			defaultConfigurationName = Deployment;
		};
		8ACD0BB00885C20A00D0637F /* Build configuration list for PBXNativeTarget "OpenAL" */ = {
			isa = XCConfigurationList;
			buildConfigurations = (
				8ACD0BB10885C20A00D0637F /* Deployment */,
				8ACD0BB20885C20A00D0637F /* Development */,
			);
			defaultConfigurationIsVisible = 0;
			defaultConfigurationName = Deployment;
		};
		8ACD0BB40885C20A00D0637F /* Build configuration list for PBXAggregateTarget "All" */ = {
			isa = XCConfigurationList;
			buildConfigurations = (
				8ACD0BB50885C20A00D0637F /* Deployment */,
				8ACD0BB60885C20A00D0637F /* Development */,
			);
			defaultConfigurationIsVisible = 0;
			defaultConfigurationName = Deployment;
		};
		8ACD0BBC0885C20A00D0637F /* Build configuration list for PBXProject "OpenALOpenSource" */ = {
			isa = XCConfigurationList;
			buildConfigurations = (
				8ACD0BBD0885C20A00D0637F /* Deployment */,
				8ACD0BBE0885C20A00D0637F /* Development */,
			);
			defaultConfigurationIsVisible = 0;
			defaultConfigurationName = Deployment;
		};
/* End XCConfigurationList section */
	};
	rootObject = 0867D690FE84028FC02AAC07 /* Project object */;
}
